PODS:
  - BonMot (5.4.1)
  - Down (0.9.0)
  - SwiftCSVExport (2.0.1)
  - SwiftLoggly (1.0.7)
  - SwiftyJSON (5.0.0)
  - TOCropViewController (2.5.1)
  - TTTAttributedLabel (2.0.0)
  - XLPagerTabStrip (9.0.0)

DEPENDENCIES:
  - BonMot
  - Down
  - SwiftCSVExport
  - SwiftLoggly (~> 1.0)
  - SwiftyJSON
  - TOCropViewController
  - TTTAttributedLabel
  - XLPagerTabStrip

SPEC REPOS:
  https://github.com/CocoaPods/Specs.git:
    - Down
    - SwiftCSVExport
    - SwiftLoggly
    - SwiftyJSON
    - TOCropViewController
    - TTTAttributedLabel
    - XLPagerTabStrip
  trunk:
    - BonMot

SPEC CHECKSUMS:
  BonMot: aa82119ff2ffa184223d8a31c72aed84fbb009e0
  Down: 1cdbca4963b542d0ef34ebb3e10ff48382bdf761
  SwiftCSVExport: a2baa3904699e9d5b66dc1a15111d8172ade84dc
  SwiftLoggly: e698435ac1442ac0be4f4e2f74615ee1a0bd4547
  SwiftyJSON: 36413e04c44ee145039d332b4f4e2d3e8d6c4db7
  TOCropViewController: 00dc36c4e4a0f4a45efa91adbf22df8a4fae01d3
  TTTAttributedLabel: 8cffe8e127e4e82ff3af1e5386d4cd0ad000b656
  XLPagerTabStrip: 61c57fd61f611ee5f01ff1495ad6fbee8bf496c5

PODFILE CHECKSUM: 7f80b7844ceb47ed1cba0c8ce712b752bd230ca4

COCOAPODS: 1.8.3
