// !$*UTF8*$!
{
	archiveVersion = 1;
	classes = {
	};
	objectVersion = 50;
	objects = {

/* Begin PBXBuildFile section */
		63CBD8D800EEBB2AD4399D4E /* Pods_EventureAPITests.framework in Frameworks */ = {isa = PBXBuildFile; fileRef = C61D38E605D813463EC01077 /* Pods_EventureAPITests.framework */; };
		67FED72F230F904600FFF80B /* AccountCell.swift in Sources */ = {isa = PBXBuildFile; fileRef = 67FED72E230F904600FFF80B /* AccountCell.swift */; };
		67FED7312311EFF300FFF80B /* ModifyAccountPage.swift in Sources */ = {isa = PBXBuildFile; fileRef = 67FED7302311EFF300FFF80B /* ModifyAccountPage.swift */; };
		86D779265BCCD45DFA23CEDD /* Pods_Eventure.framework in Frameworks */ = {isa = PBXBuildFile; fileRef = 51875C9B362149DA4F1648B4 /* Pods_Eventure.framework */; };
		0D922978F88AA540F1FBE70D /* Pods_Eventure.framework in Frameworks */ = {isa = PBXBuildFile; fileRef = 2446E41F2700045698ADEDAB /* Pods_Eventure.framework */; };
		470D75024A526E9BCB68F95B /* Pods_EventureAPITests.framework in Frameworks */ = {isa = PBXBuildFile; fileRef = 2DFC3F4441E3980AF60A28B5 /* Pods_EventureAPITests.framework */; };
		CC0646D922FDF1CC000BF3CD /* User.swift in Sources */ = {isa = PBXBuildFile; fileRef = CC0646D822FDF1CC000BF3CD /* User.swift */; };
		CC0646DA22FDF1CC000BF3CD /* User.swift in Sources */ = {isa = PBXBuildFile; fileRef = CC0646D822FDF1CC000BF3CD /* User.swift */; };
		CC0646DC22FDF1EA000BF3CD /* Organization.swift in Sources */ = {isa = PBXBuildFile; fileRef = CC0646DB22FDF1EA000BF3CD /* Organization.swift */; };
		CC0646DD22FDF1EA000BF3CD /* Organization.swift in Sources */ = {isa = PBXBuildFile; fileRef = CC0646DB22FDF1EA000BF3CD /* Organization.swift */; };
		CC0646DF22FDF201000BF3CD /* Event.swift in Sources */ = {isa = PBXBuildFile; fileRef = CC0646DE22FDF201000BF3CD /* Event.swift */; };
		CC0646E022FDF201000BF3CD /* Event.swift in Sources */ = {isa = PBXBuildFile; fileRef = CC0646DE22FDF201000BF3CD /* Event.swift */; };
		CC101FFA22F5473B0025217A /* RegisterOrganization.swift in Sources */ = {isa = PBXBuildFile; fileRef = CC101FF922F5473B0025217A /* RegisterOrganization.swift */; };
		CC101FFD22F558890025217A /* ChooseImageCell.swift in Sources */ = {isa = PBXBuildFile; fileRef = CC101FFC22F558890025217A /* ChooseImageCell.swift */; };
		CC10200322F695770025217A /* ChooseTagCell.swift in Sources */ = {isa = PBXBuildFile; fileRef = CC10200222F695770025217A /* ChooseTagCell.swift */; };
		CC18F54F229AD4EB008FABEA /* AppDelegate.swift in Sources */ = {isa = PBXBuildFile; fileRef = CC18F54E229AD4EB008FABEA /* AppDelegate.swift */; };
		CC18F554229AD4EB008FABEA /* Main.storyboard in Resources */ = {isa = PBXBuildFile; fileRef = CC18F552229AD4EB008FABEA /* Main.storyboard */; };
		CC18F557229AD4EB008FABEA /* Eventure.xcdatamodeld in Sources */ = {isa = PBXBuildFile; fileRef = CC18F555229AD4EB008FABEA /* Eventure.xcdatamodeld */; };
		CC18F559229AD4EC008FABEA /* Assets.xcassets in Resources */ = {isa = PBXBuildFile; fileRef = CC18F558229AD4EC008FABEA /* Assets.xcassets */; };
		CC18F55C229AD4EC008FABEA /* LaunchScreen.storyboard in Resources */ = {isa = PBXBuildFile; fileRef = CC18F55A229AD4EC008FABEA /* LaunchScreen.storyboard */; };
		CC18F564229AD518008FABEA /* MainTabBarController.swift in Sources */ = {isa = PBXBuildFile; fileRef = CC18F563229AD518008FABEA /* MainTabBarController.swift */; };
		CC18F568229AD535008FABEA /* OrganizationsViewController.swift in Sources */ = {isa = PBXBuildFile; fileRef = CC18F567229AD535008FABEA /* OrganizationsViewController.swift */; };
		CC1AF7A5229B732C003471F2 /* Global Constants.swift in Sources */ = {isa = PBXBuildFile; fileRef = CC1AF7A4229B732C003471F2 /* Global Constants.swift */; };
		CC2538AC22F4E47700690503 /* AccountViewController.swift in Sources */ = {isa = PBXBuildFile; fileRef = CC2538AB22F4E47700690503 /* AccountViewController.swift */; };
		CC2DD02E22FF269B003AF5A0 /* EventViewController.swift in Sources */ = {isa = PBXBuildFile; fileRef = CC2DD02D22FF269B003AF5A0 /* EventViewController.swift */; };
		CC2DD03122FF2BD8003AF5A0 /* EventCell.swift in Sources */ = {isa = PBXBuildFile; fileRef = CC2DD03022FF2BD8003AF5A0 /* EventCell.swift */; };
		CC2EE6EB2306F9750044C6ED /* OrgDetailPage.swift in Sources */ = {isa = PBXBuildFile; fileRef = CC2EE6EA2306F9750044C6ED /* OrgDetailPage.swift */; };
		CC2EE6EF230706FC0044C6ED /* PastEvents.swift in Sources */ = {isa = PBXBuildFile; fileRef = CC2EE6EE230706FC0044C6ED /* PastEvents.swift */; };
		CC2EE6F1230707330044C6ED /* UpcomingEvents.swift in Sources */ = {isa = PBXBuildFile; fileRef = CC2EE6F0230707330044C6ED /* UpcomingEvents.swift */; };
		CC2EE6F3230709450044C6ED /* OrgEventsTabStrip.swift in Sources */ = {isa = PBXBuildFile; fileRef = CC2EE6F2230709450044C6ED /* OrgEventsTabStrip.swift */; };
		CC39763E231025E3000CC35D /* NSString+AESCrypt.m in Sources */ = {isa = PBXBuildFile; fileRef = CC39763A231025E3000CC35D /* NSString+AESCrypt.m */; };
		CC39763F231025E3000CC35D /* NSData+AESCrypt.m in Sources */ = {isa = PBXBuildFile; fileRef = CC39763B231025E3000CC35D /* NSData+AESCrypt.m */; };
		CC3F000122F7EFEC00996440 /* OrgFinishRegistration.swift in Sources */ = {isa = PBXBuildFile; fileRef = CC3F000022F7EFEB00996440 /* OrgFinishRegistration.swift */; };
		CC405DCA2307F11D00B85BEC /* OrgDescriptionText.swift in Sources */ = {isa = PBXBuildFile; fileRef = CC405DC92307F11D00B85BEC /* OrgDescriptionText.swift */; };
		CC405DCC2307F32C00B85BEC /* OrgInfoPage.swift in Sources */ = {isa = PBXBuildFile; fileRef = CC405DCB2307F32C00B85BEC /* OrgInfoPage.swift */; };
		CC405DCE2307F47000B85BEC /* OrgInfoTabStrip.swift in Sources */ = {isa = PBXBuildFile; fileRef = CC405DCD2307F47000B85BEC /* OrgInfoTabStrip.swift */; };
		CC4ACC3622EA45E8002297EF /* InteractivePopNavigation.swift in Sources */ = {isa = PBXBuildFile; fileRef = CC4ACC3522EA45E8002297EF /* InteractivePopNavigation.swift */; };
		CC4ACC3722EA47EE002297EF /* Example file.pdf in Resources */ = {isa = PBXBuildFile; fileRef = CCF8CF16229E398300F3C6B8 /* Example file.pdf */; };
		CC4ACC3822EA47F3002297EF /* Global Constants.swift in Sources */ = {isa = PBXBuildFile; fileRef = CC1AF7A4229B732C003471F2 /* Global Constants.swift */; };
		CC4CB5C4230516E200DC30AD /* OrganizationsViewController.swift in Sources */ = {isa = PBXBuildFile; fileRef = CC18F567229AD535008FABEA /* OrganizationsViewController.swift */; };
		CC4CB5C6230525BB00DC30AD /* OrganizationCell.swift in Sources */ = {isa = PBXBuildFile; fileRef = CC4CB5C5230525BB00DC30AD /* OrganizationCell.swift */; };
		CC4CB5C7230525BB00DC30AD /* OrganizationCell.swift in Sources */ = {isa = PBXBuildFile; fileRef = CC4CB5C5230525BB00DC30AD /* OrganizationCell.swift */; };
		CC4E560522FFE0AC000C2BAC /* MainTabBarController.swift in Sources */ = {isa = PBXBuildFile; fileRef = CC18F563229AD518008FABEA /* MainTabBarController.swift */; };
		CC4EC93422FFBC0200F10938 /* EventDetailPage.swift in Sources */ = {isa = PBXBuildFile; fileRef = CC4EC93322FFBC0200F10938 /* EventDetailPage.swift */; };
		CC4EC93522FFBC0200F10938 /* EventDetailPage.swift in Sources */ = {isa = PBXBuildFile; fileRef = CC4EC93322FFBC0200F10938 /* EventDetailPage.swift */; };
		CC4EC93722FFD0A500F10938 /* OrgEventViewController.swift in Sources */ = {isa = PBXBuildFile; fileRef = CC4EC93622FFD0A500F10938 /* OrgEventViewController.swift */; };
		CC4EC93822FFD0A500F10938 /* OrgEventViewController.swift in Sources */ = {isa = PBXBuildFile; fileRef = CC4EC93622FFD0A500F10938 /* OrgEventViewController.swift */; };
		CC64524D22BE8E0600FBEF58 /* NavBackCell.swift in Sources */ = {isa = PBXBuildFile; fileRef = CC64524C22BE8E0600FBEF58 /* NavBackCell.swift */; };
		CC69A08E22F699F500C9920E /* SeparatorView.swift in Sources */ = {isa = PBXBuildFile; fileRef = CC69A08D22F699F500C9920E /* SeparatorView.swift */; };
		CC6D276F22F23685007E2C5A /* TagPickerView.swift in Sources */ = {isa = PBXBuildFile; fileRef = CC6D276E22F23685007E2C5A /* TagPickerView.swift */; };
		CC6DEED622BA8ACC00248AB7 /* FinishRegistration.swift in Sources */ = {isa = PBXBuildFile; fileRef = CC6DEED522BA8ACC00248AB7 /* FinishRegistration.swift */; };
		CC7C797823080EC90051C7E6 /* OrgContactInfo.swift in Sources */ = {isa = PBXBuildFile; fileRef = CC7C797723080EC90051C7E6 /* OrgContactInfo.swift */; };
		CC8469C7230FDB9B004E7B9D /* EventDraft.swift in Sources */ = {isa = PBXBuildFile; fileRef = CC8469C6230FDB9B004E7B9D /* EventDraft.swift */; };
		CC8469C9230FDD26004E7B9D /* DraftDescriptionPage.swift in Sources */ = {isa = PBXBuildFile; fileRef = CC8469C8230FDD26004E7B9D /* DraftDescriptionPage.swift */; };
		CC8469CB230FDE6B004E7B9D /* DraftTimeLocationPage.swift in Sources */ = {isa = PBXBuildFile; fileRef = CC8469CA230FDE6B004E7B9D /* DraftTimeLocationPage.swift */; };
		CC8469CD230FDF0A004E7B9D /* DraftOtherInfoPage.swift in Sources */ = {isa = PBXBuildFile; fileRef = CC8469CC230FDF0A004E7B9D /* DraftOtherInfoPage.swift */; };
		CC8E75DE22FFD96100AEB00C /* OrgEventCell.swift in Sources */ = {isa = PBXBuildFile; fileRef = CC8E75DD22FFD96100AEB00C /* OrgEventCell.swift */; };
		CC94F00122F7E4AD00E87E2A /* OrganizationRegistrationData.swift in Sources */ = {isa = PBXBuildFile; fileRef = CC94F00022F7E4AC00E87E2A /* OrganizationRegistrationData.swift */; };
		CCC4A0AF22F24EA000AB9557 /* TagCell.swift in Sources */ = {isa = PBXBuildFile; fileRef = CCC4A0AE22F24EA000AB9557 /* TagCell.swift */; };
		CCC824F422BC17B500FFD251 /* MinimalTextCell.swift in Sources */ = {isa = PBXBuildFile; fileRef = CCC824F322BC17B500FFD251 /* MinimalTextCell.swift */; };
		CCC824F622BC181100FFD251 /* RegisterTableController.swift in Sources */ = {isa = PBXBuildFile; fileRef = CCC824F522BC181100FFD251 /* RegisterTableController.swift */; };
		CCC824F822BC53F700FFD251 /* GenderSelectionCell.swift in Sources */ = {isa = PBXBuildFile; fileRef = CCC824F722BC53F700FFD251 /* GenderSelectionCell.swift */; };
		CCC824FA22BC5F9900FFD251 /* ButtonCell.swift in Sources */ = {isa = PBXBuildFile; fileRef = CCC824F922BC5F9900FFD251 /* ButtonCell.swift */; };
		CCE176A722BD742F003E3315 /* MessageCell.swift in Sources */ = {isa = PBXBuildFile; fileRef = CCE176A622BD742F003E3315 /* MessageCell.swift */; };
		CCE176A922BD773A003E3315 /* ForgotPassword.swift in Sources */ = {isa = PBXBuildFile; fileRef = CCE176A822BD773A003E3315 /* ForgotPassword.swift */; };
		CCE99AC323117EC800823A60 /* DatePickerTopCell.swift in Sources */ = {isa = PBXBuildFile; fileRef = CCE99AC223117EC800823A60 /* DatePickerTopCell.swift */; };
		CCE99AC52311830C00823A60 /* AccountCell.swift in Sources */ = {isa = PBXBuildFile; fileRef = CCE99AC42311830C00823A60 /* AccountCell.swift */; };
		CCED539522F7DC16007ADC46 /* UserRegistrationData.swift in Sources */ = {isa = PBXBuildFile; fileRef = CCED539422F7DC16007ADC46 /* UserRegistrationData.swift */; };
		CCF5896C22A22E0300F509C4 /* LoginViewController.swift in Sources */ = {isa = PBXBuildFile; fileRef = CCF5896B22A22E0300F509C4 /* LoginViewController.swift */; };
		CCFB7A20229FA6810082FEC6 /* EventureAPITests.swift in Sources */ = {isa = PBXBuildFile; fileRef = CCFB7A1F229FA6810082FEC6 /* EventureAPITests.swift */; };
		DD1BB0D12310B1390082C4EE /* EventDetailTabStrip.swift in Sources */ = {isa = PBXBuildFile; fileRef = DD1BB0D02310B1390082C4EE /* EventDetailTabStrip.swift */; };
		DD1BB0D32310B1C40082C4EE /* EventDetailTabStrip.swift in Sources */ = {isa = PBXBuildFile; fileRef = DD1BB0D02310B1390082C4EE /* EventDetailTabStrip.swift */; };
		DD1BB0D62310B2350082C4EE /* AboutViewController.swift in Sources */ = {isa = PBXBuildFile; fileRef = DD1BB0D52310B2350082C4EE /* AboutViewController.swift */; };
		DD1BB0D82310B3560082C4EE /* OtherViewController.swift in Sources */ = {isa = PBXBuildFile; fileRef = DD1BB0D72310B3560082C4EE /* OtherViewController.swift */; };
/* End PBXBuildFile section */

/* Begin PBXContainerItemProxy section */
		CCFB7A22229FA6810082FEC6 /* PBXContainerItemProxy */ = {
			isa = PBXContainerItemProxy;
			containerPortal = CC18F543229AD4EB008FABEA /* Project object */;
			proxyType = 1;
			remoteGlobalIDString = CC18F54A229AD4EB008FABEA;
			remoteInfo = Eventure;
		};
/* End PBXContainerItemProxy section */

/* Begin PBXFileReference section */
		51875C9B362149DA4F1648B4 /* Pods_Eventure.framework */ = {isa = PBXFileReference; explicitFileType = wrapper.framework; includeInIndex = 0; path = Pods_Eventure.framework; sourceTree = BUILT_PRODUCTS_DIR; };
		5C69EEF77B9C408ACD386F3F /* Pods-EventureAPITests.release.xcconfig */ = {isa = PBXFileReference; includeInIndex = 1; lastKnownFileType = text.xcconfig; name = "Pods-EventureAPITests.release.xcconfig"; path = "Pods/Target Support Files/Pods-EventureAPITests/Pods-EventureAPITests.release.xcconfig"; sourceTree = "<group>"; };
		67FED72E230F904600FFF80B /* AccountCell.swift */ = {isa = PBXFileReference; lastKnownFileType = sourcecode.swift; path = AccountCell.swift; sourceTree = "<group>"; };
		67FED7302311EFF300FFF80B /* ModifyAccountPage.swift */ = {isa = PBXFileReference; lastKnownFileType = sourcecode.swift; path = ModifyAccountPage.swift; sourceTree = "<group>"; };
		6B0773AC66EEBC9138FB35CC /* Pods-Eventure.debug.xcconfig */ = {isa = PBXFileReference; includeInIndex = 1; lastKnownFileType = text.xcconfig; name = "Pods-Eventure.debug.xcconfig"; path = "Pods/Target Support Files/Pods-Eventure/Pods-Eventure.debug.xcconfig"; sourceTree = "<group>"; };
		7FFE2BDBCAFD8B4FFB66DD88 /* Pods-Eventure.release.xcconfig */ = {isa = PBXFileReference; includeInIndex = 1; lastKnownFileType = text.xcconfig; name = "Pods-Eventure.release.xcconfig"; path = "Pods/Target Support Files/Pods-Eventure/Pods-Eventure.release.xcconfig"; sourceTree = "<group>"; };
		C61D38E605D813463EC01077 /* Pods_EventureAPITests.framework */ = {isa = PBXFileReference; explicitFileType = wrapper.framework; includeInIndex = 0; path = Pods_EventureAPITests.framework; sourceTree = BUILT_PRODUCTS_DIR; };
		2446E41F2700045698ADEDAB /* Pods_Eventure.framework */ = {isa = PBXFileReference; explicitFileType = wrapper.framework; includeInIndex = 0; path = Pods_Eventure.framework; sourceTree = BUILT_PRODUCTS_DIR; };
		2DFC3F4441E3980AF60A28B5 /* Pods_EventureAPITests.framework */ = {isa = PBXFileReference; explicitFileType = wrapper.framework; includeInIndex = 0; path = Pods_EventureAPITests.framework; sourceTree = BUILT_PRODUCTS_DIR; };
		2EBCBAB1E31272FAA462C515 /* Pods-EventureAPITests.debug.xcconfig */ = {isa = PBXFileReference; includeInIndex = 1; lastKnownFileType = text.xcconfig; name = "Pods-EventureAPITests.debug.xcconfig"; path = "Pods/Target Support Files/Pods-EventureAPITests/Pods-EventureAPITests.debug.xcconfig"; sourceTree = "<group>"; };
		314EE6D58DF621467DC05E60 /* Pods-EventureAPITests.release.xcconfig */ = {isa = PBXFileReference; includeInIndex = 1; lastKnownFileType = text.xcconfig; name = "Pods-EventureAPITests.release.xcconfig"; path = "Pods/Target Support Files/Pods-EventureAPITests/Pods-EventureAPITests.release.xcconfig"; sourceTree = "<group>"; };
		7A2B839141C769AA5684B8EC /* Pods-Eventure.debug.xcconfig */ = {isa = PBXFileReference; includeInIndex = 1; lastKnownFileType = text.xcconfig; name = "Pods-Eventure.debug.xcconfig"; path = "Pods/Target Support Files/Pods-Eventure/Pods-Eventure.debug.xcconfig"; sourceTree = "<group>"; };
		CC0646D822FDF1CC000BF3CD /* User.swift */ = {isa = PBXFileReference; lastKnownFileType = sourcecode.swift; path = User.swift; sourceTree = "<group>"; };
		CC0646DB22FDF1EA000BF3CD /* Organization.swift */ = {isa = PBXFileReference; lastKnownFileType = sourcecode.swift; path = Organization.swift; sourceTree = "<group>"; };
		CC0646DE22FDF201000BF3CD /* Event.swift */ = {isa = PBXFileReference; lastKnownFileType = sourcecode.swift; path = Event.swift; sourceTree = "<group>"; };
		CC101FF922F5473B0025217A /* RegisterOrganization.swift */ = {isa = PBXFileReference; lastKnownFileType = sourcecode.swift; path = RegisterOrganization.swift; sourceTree = "<group>"; };
		CC101FFC22F558890025217A /* ChooseImageCell.swift */ = {isa = PBXFileReference; lastKnownFileType = sourcecode.swift; path = ChooseImageCell.swift; sourceTree = "<group>"; };
		CC10200222F695770025217A /* ChooseTagCell.swift */ = {isa = PBXFileReference; lastKnownFileType = sourcecode.swift; path = ChooseTagCell.swift; sourceTree = "<group>"; };
		CC18F54B229AD4EB008FABEA /* Eventure.app */ = {isa = PBXFileReference; explicitFileType = wrapper.application; includeInIndex = 0; path = Eventure.app; sourceTree = BUILT_PRODUCTS_DIR; };
		CC18F54E229AD4EB008FABEA /* AppDelegate.swift */ = {isa = PBXFileReference; lastKnownFileType = sourcecode.swift; path = AppDelegate.swift; sourceTree = "<group>"; };
		CC18F553229AD4EB008FABEA /* Base */ = {isa = PBXFileReference; lastKnownFileType = file.storyboard; name = Base; path = Base.lproj/Main.storyboard; sourceTree = "<group>"; };
		CC18F556229AD4EB008FABEA /* Eventure.xcdatamodel */ = {isa = PBXFileReference; lastKnownFileType = wrapper.xcdatamodel; path = Eventure.xcdatamodel; sourceTree = "<group>"; };
		CC18F558229AD4EC008FABEA /* Assets.xcassets */ = {isa = PBXFileReference; lastKnownFileType = folder.assetcatalog; path = Assets.xcassets; sourceTree = "<group>"; };
		CC18F55B229AD4EC008FABEA /* Base */ = {isa = PBXFileReference; lastKnownFileType = file.storyboard; name = Base; path = Base.lproj/LaunchScreen.storyboard; sourceTree = "<group>"; };
		CC18F55D229AD4EC008FABEA /* Info.plist */ = {isa = PBXFileReference; lastKnownFileType = text.plist.xml; path = Info.plist; sourceTree = "<group>"; };
		CC18F563229AD518008FABEA /* MainTabBarController.swift */ = {isa = PBXFileReference; lastKnownFileType = sourcecode.swift; path = MainTabBarController.swift; sourceTree = "<group>"; };
		CC18F567229AD535008FABEA /* OrganizationsViewController.swift */ = {isa = PBXFileReference; lastKnownFileType = sourcecode.swift; path = OrganizationsViewController.swift; sourceTree = "<group>"; };
		CC18F569229AD570008FABEA /* README.md */ = {isa = PBXFileReference; fileEncoding = 4; lastKnownFileType = net.daringfireball.markdown; path = README.md; sourceTree = "<group>"; };
		CC1AF7A4229B732C003471F2 /* Global Constants.swift */ = {isa = PBXFileReference; lastKnownFileType = sourcecode.swift; path = "Global Constants.swift"; sourceTree = "<group>"; };
		CC2538AB22F4E47700690503 /* AccountViewController.swift */ = {isa = PBXFileReference; lastKnownFileType = sourcecode.swift; path = AccountViewController.swift; sourceTree = "<group>"; };
		CC2DD02D22FF269B003AF5A0 /* EventViewController.swift */ = {isa = PBXFileReference; lastKnownFileType = sourcecode.swift; path = EventViewController.swift; sourceTree = "<group>"; };
		CC2DD03022FF2BD8003AF5A0 /* EventCell.swift */ = {isa = PBXFileReference; lastKnownFileType = sourcecode.swift; path = EventCell.swift; sourceTree = "<group>"; };
		CC2EE6EA2306F9750044C6ED /* OrgDetailPage.swift */ = {isa = PBXFileReference; lastKnownFileType = sourcecode.swift; path = OrgDetailPage.swift; sourceTree = "<group>"; };
		CC2EE6EE230706FC0044C6ED /* PastEvents.swift */ = {isa = PBXFileReference; lastKnownFileType = sourcecode.swift; path = PastEvents.swift; sourceTree = "<group>"; };
		CC2EE6F0230707330044C6ED /* UpcomingEvents.swift */ = {isa = PBXFileReference; lastKnownFileType = sourcecode.swift; path = UpcomingEvents.swift; sourceTree = "<group>"; };
		CC2EE6F2230709450044C6ED /* OrgEventsTabStrip.swift */ = {isa = PBXFileReference; lastKnownFileType = sourcecode.swift; path = OrgEventsTabStrip.swift; sourceTree = "<group>"; };
		CC377C572310223A0098219B /* EventureAPITests-Bridging-Header.h */ = {isa = PBXFileReference; lastKnownFileType = sourcecode.c.h; path = "EventureAPITests-Bridging-Header.h"; sourceTree = "<group>"; };
		CC397639231025E3000CC35D /* Bridging-Header.h */ = {isa = PBXFileReference; fileEncoding = 4; lastKnownFileType = sourcecode.c.h; path = "Bridging-Header.h"; sourceTree = "<group>"; };
		CC39763A231025E3000CC35D /* NSString+AESCrypt.m */ = {isa = PBXFileReference; fileEncoding = 4; lastKnownFileType = sourcecode.c.objc; path = "NSString+AESCrypt.m"; sourceTree = "<group>"; };
		CC39763B231025E3000CC35D /* NSData+AESCrypt.m */ = {isa = PBXFileReference; fileEncoding = 4; lastKnownFileType = sourcecode.c.objc; path = "NSData+AESCrypt.m"; sourceTree = "<group>"; };
		CC39763C231025E3000CC35D /* NSString+AESCrypt.h */ = {isa = PBXFileReference; fileEncoding = 4; lastKnownFileType = sourcecode.c.h; path = "NSString+AESCrypt.h"; sourceTree = "<group>"; };
		CC39763D231025E3000CC35D /* NSData+AESCrypt.h */ = {isa = PBXFileReference; fileEncoding = 4; lastKnownFileType = sourcecode.c.h; path = "NSData+AESCrypt.h"; sourceTree = "<group>"; };
		CC3F000022F7EFEB00996440 /* OrgFinishRegistration.swift */ = {isa = PBXFileReference; lastKnownFileType = sourcecode.swift; path = OrgFinishRegistration.swift; sourceTree = "<group>"; };
		CC405DC92307F11D00B85BEC /* OrgDescriptionText.swift */ = {isa = PBXFileReference; lastKnownFileType = sourcecode.swift; path = OrgDescriptionText.swift; sourceTree = "<group>"; };
		CC405DCB2307F32C00B85BEC /* OrgInfoPage.swift */ = {isa = PBXFileReference; lastKnownFileType = sourcecode.swift; path = OrgInfoPage.swift; sourceTree = "<group>"; };
		CC405DCD2307F47000B85BEC /* OrgInfoTabStrip.swift */ = {isa = PBXFileReference; lastKnownFileType = sourcecode.swift; path = OrgInfoTabStrip.swift; sourceTree = "<group>"; };
		CC4ACC3522EA45E8002297EF /* InteractivePopNavigation.swift */ = {isa = PBXFileReference; lastKnownFileType = sourcecode.swift; path = InteractivePopNavigation.swift; sourceTree = "<group>"; };
		CC4CB5C5230525BB00DC30AD /* OrganizationCell.swift */ = {isa = PBXFileReference; lastKnownFileType = sourcecode.swift; path = OrganizationCell.swift; sourceTree = "<group>"; };
		CC4EC93322FFBC0200F10938 /* EventDetailPage.swift */ = {isa = PBXFileReference; lastKnownFileType = sourcecode.swift; path = EventDetailPage.swift; sourceTree = "<group>"; };
		CC4EC93622FFD0A500F10938 /* OrgEventViewController.swift */ = {isa = PBXFileReference; lastKnownFileType = sourcecode.swift; path = OrgEventViewController.swift; sourceTree = "<group>"; };
		CC64524C22BE8E0600FBEF58 /* NavBackCell.swift */ = {isa = PBXFileReference; lastKnownFileType = sourcecode.swift; path = NavBackCell.swift; sourceTree = "<group>"; };
		CC69A08D22F699F500C9920E /* SeparatorView.swift */ = {isa = PBXFileReference; lastKnownFileType = sourcecode.swift; path = SeparatorView.swift; sourceTree = "<group>"; };
		CC6D276E22F23685007E2C5A /* TagPickerView.swift */ = {isa = PBXFileReference; lastKnownFileType = sourcecode.swift; path = TagPickerView.swift; sourceTree = "<group>"; };
		CC6DEED522BA8ACC00248AB7 /* FinishRegistration.swift */ = {isa = PBXFileReference; lastKnownFileType = sourcecode.swift; path = FinishRegistration.swift; sourceTree = "<group>"; };
		CC7C797723080EC90051C7E6 /* OrgContactInfo.swift */ = {isa = PBXFileReference; lastKnownFileType = sourcecode.swift; path = OrgContactInfo.swift; sourceTree = "<group>"; };
		CC8469C6230FDB9B004E7B9D /* EventDraft.swift */ = {isa = PBXFileReference; lastKnownFileType = sourcecode.swift; path = EventDraft.swift; sourceTree = "<group>"; };
		CC8469C8230FDD26004E7B9D /* DraftDescriptionPage.swift */ = {isa = PBXFileReference; lastKnownFileType = sourcecode.swift; path = DraftDescriptionPage.swift; sourceTree = "<group>"; };
		CC8469CA230FDE6B004E7B9D /* DraftTimeLocationPage.swift */ = {isa = PBXFileReference; lastKnownFileType = sourcecode.swift; path = DraftTimeLocationPage.swift; sourceTree = "<group>"; };
		CC8469CC230FDF0A004E7B9D /* DraftOtherInfoPage.swift */ = {isa = PBXFileReference; lastKnownFileType = sourcecode.swift; path = DraftOtherInfoPage.swift; sourceTree = "<group>"; };
		CC8E75DD22FFD96100AEB00C /* OrgEventCell.swift */ = {isa = PBXFileReference; lastKnownFileType = sourcecode.swift; path = OrgEventCell.swift; sourceTree = "<group>"; };
		CC94F00022F7E4AC00E87E2A /* OrganizationRegistrationData.swift */ = {isa = PBXFileReference; lastKnownFileType = sourcecode.swift; path = OrganizationRegistrationData.swift; sourceTree = "<group>"; };
		CCC4A0AE22F24EA000AB9557 /* TagCell.swift */ = {isa = PBXFileReference; lastKnownFileType = sourcecode.swift; path = TagCell.swift; sourceTree = "<group>"; };
		CCC824F322BC17B500FFD251 /* MinimalTextCell.swift */ = {isa = PBXFileReference; lastKnownFileType = sourcecode.swift; path = MinimalTextCell.swift; sourceTree = "<group>"; };
		CCC824F522BC181100FFD251 /* RegisterTableController.swift */ = {isa = PBXFileReference; lastKnownFileType = sourcecode.swift; path = RegisterTableController.swift; sourceTree = "<group>"; };
		CCC824F722BC53F700FFD251 /* GenderSelectionCell.swift */ = {isa = PBXFileReference; lastKnownFileType = sourcecode.swift; path = GenderSelectionCell.swift; sourceTree = "<group>"; };
		CCC824F922BC5F9900FFD251 /* ButtonCell.swift */ = {isa = PBXFileReference; lastKnownFileType = sourcecode.swift; path = ButtonCell.swift; sourceTree = "<group>"; };
		CCE176A622BD742F003E3315 /* MessageCell.swift */ = {isa = PBXFileReference; lastKnownFileType = sourcecode.swift; path = MessageCell.swift; sourceTree = "<group>"; };
		CCE176A822BD773A003E3315 /* ForgotPassword.swift */ = {isa = PBXFileReference; lastKnownFileType = sourcecode.swift; path = ForgotPassword.swift; sourceTree = "<group>"; };
		CCE99AC223117EC800823A60 /* DatePickerTopCell.swift */ = {isa = PBXFileReference; lastKnownFileType = sourcecode.swift; path = DatePickerTopCell.swift; sourceTree = "<group>"; };
		CCE99AC42311830C00823A60 /* AccountCell.swift */ = {isa = PBXFileReference; fileEncoding = 4; lastKnownFileType = sourcecode.swift; path = AccountCell.swift; sourceTree = "<group>"; };
		CCED539422F7DC16007ADC46 /* UserRegistrationData.swift */ = {isa = PBXFileReference; lastKnownFileType = sourcecode.swift; path = UserRegistrationData.swift; sourceTree = "<group>"; };
		CCF5896B22A22E0300F509C4 /* LoginViewController.swift */ = {isa = PBXFileReference; fileEncoding = 4; lastKnownFileType = sourcecode.swift; path = LoginViewController.swift; sourceTree = "<group>"; };
		CCF8CF16229E398300F3C6B8 /* Example file.pdf */ = {isa = PBXFileReference; lastKnownFileType = image.pdf; name = "Example file.pdf"; path = "../Eventure/Example file.pdf"; sourceTree = "<group>"; };
		CCFB7A1D229FA6810082FEC6 /* EventureAPITests.xctest */ = {isa = PBXFileReference; explicitFileType = wrapper.cfbundle; includeInIndex = 0; path = EventureAPITests.xctest; sourceTree = BUILT_PRODUCTS_DIR; };
		CCFB7A1F229FA6810082FEC6 /* EventureAPITests.swift */ = {isa = PBXFileReference; lastKnownFileType = sourcecode.swift; path = EventureAPITests.swift; sourceTree = "<group>"; };
		CCFB7A21229FA6810082FEC6 /* Info.plist */ = {isa = PBXFileReference; lastKnownFileType = text.plist.xml; path = Info.plist; sourceTree = "<group>"; };
		CD8C43C5E3E63950507E5672 /* Pods-Eventure.release.xcconfig */ = {isa = PBXFileReference; includeInIndex = 1; lastKnownFileType = text.xcconfig; name = "Pods-Eventure.release.xcconfig"; path = "Pods/Target Support Files/Pods-Eventure/Pods-Eventure.release.xcconfig"; sourceTree = "<group>"; };
		DD1BB0D02310B1390082C4EE /* EventDetailTabStrip.swift */ = {isa = PBXFileReference; lastKnownFileType = sourcecode.swift; name = EventDetailTabStrip.swift; path = "Eventure/User Account/Events Page/Detail/EventDetailTabStrip.swift"; sourceTree = SOURCE_ROOT; };
		DD1BB0D52310B2350082C4EE /* AboutViewController.swift */ = {isa = PBXFileReference; lastKnownFileType = sourcecode.swift; path = AboutViewController.swift; sourceTree = "<group>"; };
		DD1BB0D72310B3560082C4EE /* OtherViewController.swift */ = {isa = PBXFileReference; lastKnownFileType = sourcecode.swift; path = OtherViewController.swift; sourceTree = "<group>"; };
/* End PBXFileReference section */

/* Begin PBXFrameworksBuildPhase section */
		CC18F548229AD4EB008FABEA /* Frameworks */ = {
			isa = PBXFrameworksBuildPhase;
			buildActionMask = 2147483647;
			files = (
				0D922978F88AA540F1FBE70D /* Pods_Eventure.framework in Frameworks */,
			);
			runOnlyForDeploymentPostprocessing = 0;
		};
		CCFB7A1A229FA6810082FEC6 /* Frameworks */ = {
			isa = PBXFrameworksBuildPhase;
			buildActionMask = 2147483647;
			files = (
				470D75024A526E9BCB68F95B /* Pods_EventureAPITests.framework in Frameworks */,
			);
			runOnlyForDeploymentPostprocessing = 0;
		};
/* End PBXFrameworksBuildPhase section */

/* Begin PBXGroup section */
		29771B08B3BBF4E20F0109D9 /* Pods */ = {
			isa = PBXGroup;
			children = (
				7A2B839141C769AA5684B8EC /* Pods-Eventure.debug.xcconfig */,
				CD8C43C5E3E63950507E5672 /* Pods-Eventure.release.xcconfig */,
				2EBCBAB1E31272FAA462C515 /* Pods-EventureAPITests.debug.xcconfig */,
				314EE6D58DF621467DC05E60 /* Pods-EventureAPITests.release.xcconfig */,
			);
			name = Pods;
			sourceTree = "<group>";
		};
		645D35C9C995A1479DB42817 /* Frameworks */ = {
			isa = PBXGroup;
			children = (
				2446E41F2700045698ADEDAB /* Pods_Eventure.framework */,
				2DFC3F4441E3980AF60A28B5 /* Pods_EventureAPITests.framework */,
			);
			name = Frameworks;
			sourceTree = "<group>";
		};
		CC0646E122FDF604000BF3CD /* Data structure */ = {
			isa = PBXGroup;
			children = (
				CC0646D822FDF1CC000BF3CD /* User.swift */,
				CC0646DB22FDF1EA000BF3CD /* Organization.swift */,
				CC0646DE22FDF201000BF3CD /* Event.swift */,
			);
			path = "Data structure";
			sourceTree = "<group>";
		};
		CC101FF722F546140025217A /* User Accounts */ = {
			isa = PBXGroup;
			children = (
				CCC824F522BC181100FFD251 /* RegisterTableController.swift */,
				CC6DEED522BA8ACC00248AB7 /* FinishRegistration.swift */,
				CCE176A822BD773A003E3315 /* ForgotPassword.swift */,
				CCED539422F7DC16007ADC46 /* UserRegistrationData.swift */,
			);
			path = "User Accounts";
			sourceTree = "<group>";
		};
		CC101FF822F5462D0025217A /* Organization Accounts */ = {
			isa = PBXGroup;
			children = (
				CC101FF922F5473B0025217A /* RegisterOrganization.swift */,
				CC94F00022F7E4AC00E87E2A /* OrganizationRegistrationData.swift */,
				CC3F000022F7EFEB00996440 /* OrgFinishRegistration.swift */,
			);
			path = "Organization Accounts";
			sourceTree = "<group>";
		};
		CC18F542229AD4EB008FABEA = {
			isa = PBXGroup;
			children = (
				CC18F54D229AD4EB008FABEA /* Eventure */,
				CC18F569229AD570008FABEA /* README.md */,
				CCFB7A1E229FA6810082FEC6 /* EventureAPITests */,
				CC18F54C229AD4EB008FABEA /* Products */,
				29771B08B3BBF4E20F0109D9 /* Pods */,
				645D35C9C995A1479DB42817 /* Frameworks */,
			);
			sourceTree = "<group>";
		};
		CC18F54C229AD4EB008FABEA /* Products */ = {
			isa = PBXGroup;
			children = (
				CC18F54B229AD4EB008FABEA /* Eventure.app */,
				CCFB7A1D229FA6810082FEC6 /* EventureAPITests.xctest */,
			);
			name = Products;
			sourceTree = "<group>";
		};
		CC18F54D229AD4EB008FABEA /* Eventure */ = {
			isa = PBXGroup;
			children = (
				CC18F54E229AD4EB008FABEA /* AppDelegate.swift */,
				CC1AF7A4229B732C003471F2 /* Global Constants.swift */,
				CC18F563229AD518008FABEA /* MainTabBarController.swift */,
				CC397638231025D8000CC35D /* Objective-C */,
				CC0646E122FDF604000BF3CD /* Data structure */,
				CC9C873422FDF68600498EB5 /* User Account */,
				CC2538AE22F4E47F00690503 /* Account Page */,
				CC4EC93922FFD1ED00F10938 /* Organization Account */,
				CC6DEED422BA89F400248AB7 /* Login */,
				CC18F552229AD4EB008FABEA /* Main.storyboard */,
				CC18F558229AD4EC008FABEA /* Assets.xcassets */,
				CC18F55A229AD4EC008FABEA /* LaunchScreen.storyboard */,
				CC18F55D229AD4EC008FABEA /* Info.plist */,
				CC18F555229AD4EB008FABEA /* Eventure.xcdatamodeld */,
				CC6D276D22F23470007E2C5A /* Resources */,
			);
			path = Eventure;
			sourceTree = "<group>";
		};
		CC2538AE22F4E47F00690503 /* Account Page */ = {
			isa = PBXGroup;
			children = (
				CC2538AB22F4E47700690503 /* AccountViewController.swift */,
				CCE99AC42311830C00823A60 /* AccountCell.swift */,
			);
			path = "Account Page";
			sourceTree = "<group>";
		};
		CC2538B022F4E49B00690503 /* Organizations Page */ = {
			isa = PBXGroup;
			children = (
				CC18F567229AD535008FABEA /* OrganizationsViewController.swift */,
				CC4CB5C5230525BB00DC30AD /* OrganizationCell.swift */,
				CC2EE6EA2306F9750044C6ED /* OrgDetailPage.swift */,
				CCB064762307F09900BB22E1 /* Events */,
				CC405DC82307F0BC00B85BEC /* Details */,
			);
			path = "Organizations Page";
			sourceTree = "<group>";
		};
		CC2538B122F4E4B300690503 /* Events Page */ = {
			isa = PBXGroup;
			children = (
				CC2DD02D22FF269B003AF5A0 /* EventViewController.swift */,
				CC2DD03022FF2BD8003AF5A0 /* EventCell.swift */,
				DD1BB0D22310B1BC0082C4EE /* Detail */,
			);
			path = "Events Page";
			sourceTree = "<group>";
		};
		CC397638231025D8000CC35D /* Objective-C */ = {
			isa = PBXGroup;
			children = (
				CC397639231025E3000CC35D /* Bridging-Header.h */,
				CC39763D231025E3000CC35D /* NSData+AESCrypt.h */,
				CC39763B231025E3000CC35D /* NSData+AESCrypt.m */,
				CC39763C231025E3000CC35D /* NSString+AESCrypt.h */,
				CC39763A231025E3000CC35D /* NSString+AESCrypt.m */,
			);
			path = "Objective-C";
			sourceTree = "<group>";
		};
		CC405DC82307F0BC00B85BEC /* Details */ = {
			isa = PBXGroup;
			children = (
				CC405DCB2307F32C00B85BEC /* OrgInfoPage.swift */,
				CC405DCD2307F47000B85BEC /* OrgInfoTabStrip.swift */,
				CC405DC92307F11D00B85BEC /* OrgDescriptionText.swift */,
				CC7C797723080EC90051C7E6 /* OrgContactInfo.swift */,
			);
			path = Details;
			sourceTree = "<group>";
		};
		CC4EC93922FFD1ED00F10938 /* Organization Account */ = {
			isa = PBXGroup;
			children = (
				CC4EC93622FFD0A500F10938 /* OrgEventViewController.swift */,
				CC8E75DD22FFD96100AEB00C /* OrgEventCell.swift */,
				CC8469C6230FDB9B004E7B9D /* EventDraft.swift */,
				CC8469C8230FDD26004E7B9D /* DraftDescriptionPage.swift */,
				CC8469CA230FDE6B004E7B9D /* DraftTimeLocationPage.swift */,
				CCE99AC223117EC800823A60 /* DatePickerTopCell.swift */,
				CC8469CC230FDF0A004E7B9D /* DraftOtherInfoPage.swift */,
			);
			path = "Organization Account";
			sourceTree = "<group>";
		};
		CC6D276D22F23470007E2C5A /* Resources */ = {
			isa = PBXGroup;
			children = (
				CC4ACC3522EA45E8002297EF /* InteractivePopNavigation.swift */,
			);
			path = Resources;
			sourceTree = "<group>";
		};
		CC6D277122F24484007E2C5A /* Tag Picker */ = {
			isa = PBXGroup;
			children = (
				CC6D276E22F23685007E2C5A /* TagPickerView.swift */,
				CCC4A0AE22F24EA000AB9557 /* TagCell.swift */,
			);
			path = "Tag Picker";
			sourceTree = "<group>";
		};
		CC6DEED422BA89F400248AB7 /* Login */ = {
			isa = PBXGroup;
			children = (
				CCF5896B22A22E0300F509C4 /* LoginViewController.swift */,
				CC6D277122F24484007E2C5A /* Tag Picker */,
				CC101FF822F5462D0025217A /* Organization Accounts */,
				CC101FF722F546140025217A /* User Accounts */,
				CCE176A422BD7335003E3315 /* Primitives */,
			);
			path = Login;
			sourceTree = "<group>";
		};
		CC9C873422FDF68600498EB5 /* User Account */ = {
			isa = PBXGroup;
			children = (
				CC2538B122F4E4B300690503 /* Events Page */,
				CC2538B022F4E49B00690503 /* Organizations Page */,
			);
			path = "User Account";
			sourceTree = "<group>";
		};
		CCB064762307F09900BB22E1 /* Events */ = {
			isa = PBXGroup;
			children = (
				CC2EE6F2230709450044C6ED /* OrgEventsTabStrip.swift */,
				CC2EE6EE230706FC0044C6ED /* PastEvents.swift */,
				CC2EE6F0230707330044C6ED /* UpcomingEvents.swift */,
			);
			path = Events;
			sourceTree = "<group>";
		};
		CCE176A422BD7335003E3315 /* Primitives */ = {
			isa = PBXGroup;
			children = (
				CCC824F322BC17B500FFD251 /* MinimalTextCell.swift */,
				CC69A08D22F699F500C9920E /* SeparatorView.swift */,
				CCC824F722BC53F700FFD251 /* GenderSelectionCell.swift */,
				CCC824F922BC5F9900FFD251 /* ButtonCell.swift */,
				CCE176A622BD742F003E3315 /* MessageCell.swift */,
				CC64524C22BE8E0600FBEF58 /* NavBackCell.swift */,
				CC10200222F695770025217A /* ChooseTagCell.swift */,
				CC101FFC22F558890025217A /* ChooseImageCell.swift */,
			);
			path = Primitives;
			sourceTree = "<group>";
		};
		CCFB7A1E229FA6810082FEC6 /* EventureAPITests */ = {
			isa = PBXGroup;
			children = (
				CC377C572310223A0098219B /* EventureAPITests-Bridging-Header.h */,
				CCF8CF16229E398300F3C6B8 /* Example file.pdf */,
				CCFB7A1F229FA6810082FEC6 /* EventureAPITests.swift */,
				CCFB7A21229FA6810082FEC6 /* Info.plist */,
			);
			path = EventureAPITests;
			sourceTree = "<group>";
		};
		DD1BB0D22310B1BC0082C4EE /* Detail */ = {
			isa = PBXGroup;
			children = (
				DD1BB0D52310B2350082C4EE /* AboutViewController.swift */,
				DD1BB0D72310B3560082C4EE /* OtherViewController.swift */,
				DD1BB0D02310B1390082C4EE /* EventDetailTabStrip.swift */,
				CC4EC93322FFBC0200F10938 /* EventDetailPage.swift */,
			);
			path = Detail;
			sourceTree = "<group>";
		};
/* End PBXGroup section */

/* Begin PBXNativeTarget section */
		CC18F54A229AD4EB008FABEA /* Eventure */ = {
			isa = PBXNativeTarget;
			buildConfigurationList = CC18F560229AD4EC008FABEA /* Build configuration list for PBXNativeTarget "Eventure" */;
			buildPhases = (
				2F6221728024BBFF1804F633 /* [CP] Check Pods Manifest.lock */,
				CC18F547229AD4EB008FABEA /* Sources */,
				CC18F548229AD4EB008FABEA /* Frameworks */,
				CC18F549229AD4EB008FABEA /* Resources */,
				46EFEB5BD5364E4DC3E12435 /* [CP] Embed Pods Frameworks */,
			);
			buildRules = (
			);
			dependencies = (
			);
			name = Eventure;
			productName = Eventure;
			productReference = CC18F54B229AD4EB008FABEA /* Eventure.app */;
			productType = "com.apple.product-type.application";
		};
		CCFB7A1C229FA6810082FEC6 /* EventureAPITests */ = {
			isa = PBXNativeTarget;
			buildConfigurationList = CCFB7A24229FA6810082FEC6 /* Build configuration list for PBXNativeTarget "EventureAPITests" */;
			buildPhases = (
				D218590EFDC7D3125452E53A /* [CP] Check Pods Manifest.lock */,
				CCFB7A19229FA6810082FEC6 /* Sources */,
				CCFB7A1A229FA6810082FEC6 /* Frameworks */,
				CCFB7A1B229FA6810082FEC6 /* Resources */,
				6F5EBFF09B0E344434C85222 /* [CP] Embed Pods Frameworks */,
			);
			buildRules = (
			);
			dependencies = (
				CCFB7A23229FA6810082FEC6 /* PBXTargetDependency */,
			);
			name = EventureAPITests;
			productName = EventureAPITests;
			productReference = CCFB7A1D229FA6810082FEC6 /* EventureAPITests.xctest */;
			productType = "com.apple.product-type.bundle.unit-test";
		};
/* End PBXNativeTarget section */

/* Begin PBXProject section */
		CC18F543229AD4EB008FABEA /* Project object */ = {
			isa = PBXProject;
			attributes = {
				LastSwiftUpdateCheck = 1020;
				LastUpgradeCheck = 1020;
				ORGANIZATIONNAME = "UC Berkeley";
				TargetAttributes = {
					CC18F54A229AD4EB008FABEA = {
						CreatedOnToolsVersion = 10.2.1;
						LastSwiftMigration = 1030;
						SystemCapabilities = {
							com.apple.Keychain = {
								enabled = 0;
							};
						};
					};
					CCFB7A1C229FA6810082FEC6 = {
						CreatedOnToolsVersion = 10.2.1;
						LastSwiftMigration = 1030;
						TestTargetID = CC18F54A229AD4EB008FABEA;
					};
				};
			};
			buildConfigurationList = CC18F546229AD4EB008FABEA /* Build configuration list for PBXProject "Eventure" */;
			compatibilityVersion = "Xcode 9.3";
			developmentRegion = en;
			hasScannedForEncodings = 0;
			knownRegions = (
				en,
				Base,
			);
			mainGroup = CC18F542229AD4EB008FABEA;
			productRefGroup = CC18F54C229AD4EB008FABEA /* Products */;
			projectDirPath = "";
			projectRoot = "";
			targets = (
				CC18F54A229AD4EB008FABEA /* Eventure */,
				CCFB7A1C229FA6810082FEC6 /* EventureAPITests */,
			);
		};
/* End PBXProject section */

/* Begin PBXResourcesBuildPhase section */
		CC18F549229AD4EB008FABEA /* Resources */ = {
			isa = PBXResourcesBuildPhase;
			buildActionMask = 2147483647;
			files = (
				CC18F55C229AD4EC008FABEA /* LaunchScreen.storyboard in Resources */,
				CC18F559229AD4EC008FABEA /* Assets.xcassets in Resources */,
				CC18F554229AD4EB008FABEA /* Main.storyboard in Resources */,
			);
			runOnlyForDeploymentPostprocessing = 0;
		};
		CCFB7A1B229FA6810082FEC6 /* Resources */ = {
			isa = PBXResourcesBuildPhase;
			buildActionMask = 2147483647;
			files = (
				CC4ACC3722EA47EE002297EF /* Example file.pdf in Resources */,
			);
			runOnlyForDeploymentPostprocessing = 0;
		};
/* End PBXResourcesBuildPhase section */

/* Begin PBXShellScriptBuildPhase section */
		2F6221728024BBFF1804F633 /* [CP] Check Pods Manifest.lock */ = {
			isa = PBXShellScriptBuildPhase;
			buildActionMask = 2147483647;
			files = (
			);
			inputFileListPaths = (
				"${PODS_ROOT}/Target Support Files/Pods-EventureAPITests/Pods-EventureAPITests-frameworks-${CONFIGURATION}-input-files.xcfilelist",
			);
			inputPaths = (
				"${PODS_PODFILE_DIR_PATH}/Podfile.lock",
				"${PODS_ROOT}/Manifest.lock",
			);
			name = "[CP] Check Pods Manifest.lock";
			outputFileListPaths = (
				"${PODS_ROOT}/Target Support Files/Pods-EventureAPITests/Pods-EventureAPITests-frameworks-${CONFIGURATION}-output-files.xcfilelist",
			);
			runOnlyForDeploymentPostprocessing = 0;
			shellPath = /bin/sh;
			shellScript = "\"${PODS_ROOT}/Target Support Files/Pods-EventureAPITests/Pods-EventureAPITests-frameworks.sh\"\n";
			);
			outputPaths = (
				"$(DERIVED_FILE_DIR)/Pods-Eventure-checkManifestLockResult.txt",
			);
			runOnlyForDeploymentPostprocessing = 0;
			shellPath = /bin/sh;
			shellScript = "diff \"${PODS_PODFILE_DIR_PATH}/Podfile.lock\" \"${PODS_ROOT}/Manifest.lock\" > /dev/null\nif [ $? != 0 ] ; then\n    # print error to STDERR\n    echo \"error: The sandbox is not in sync with the Podfile.lock. Run 'pod install' or update your CocoaPods installation.\" >&2\n    exit 1\nfi\n# This output is used by Xcode 'outputs' to avoid re-running this script phase.\necho \"SUCCESS\" > \"${SCRIPT_OUTPUT_FILE_0}\"\n";
			showEnvVarsInLog = 0;
		};
		46EFEB5BD5364E4DC3E12435 /* [CP] Embed Pods Frameworks */ = {
			isa = PBXShellScriptBuildPhase;
			buildActionMask = 2147483647;
			files = (
			);
			inputFileListPaths = (
				"${PODS_ROOT}/Target Support Files/Pods-Eventure/Pods-Eventure-frameworks-${CONFIGURATION}-input-files.xcfilelist",
			);
			name = "[CP] Embed Pods Frameworks";
			outputFileListPaths = (
				"${PODS_ROOT}/Target Support Files/Pods-Eventure/Pods-Eventure-frameworks-${CONFIGURATION}-output-files.xcfilelist",
			);
			runOnlyForDeploymentPostprocessing = 0;
			shellPath = /bin/sh;
			shellScript = "\"${PODS_ROOT}/Target Support Files/Pods-Eventure/Pods-Eventure-frameworks.sh\"\n";
			showEnvVarsInLog = 0;
		};
		6F5EBFF09B0E344434C85222 /* [CP] Embed Pods Frameworks */ = {
			isa = PBXShellScriptBuildPhase;
			buildActionMask = 2147483647;
			files = (
			);
			inputFileListPaths = (
			);
			inputPaths = (
				"${SRCROOT}/Pods/Target Support Files/Pods-EventureAPITests/Pods-EventureAPITests-frameworks.sh",
				"${BUILT_PRODUCTS_DIR}/SwiftyJSON-iOS12.2/SwiftyJSON.framework",
			);
			name = "[CP] Embed Pods Frameworks";
			outputFileListPaths = (
			);
			outputPaths = (
				"${TARGET_BUILD_DIR}/${FRAMEWORKS_FOLDER_PATH}/SwiftyJSON.framework",
			);
			runOnlyForDeploymentPostprocessing = 0;
			shellPath = /bin/sh;
			shellScript = "\"${SRCROOT}/Pods/Target Support Files/Pods-EventureAPITests/Pods-EventureAPITests-frameworks.sh\"\n";
			showEnvVarsInLog = 0;
		};
		D218590EFDC7D3125452E53A /* [CP] Check Pods Manifest.lock */ = {
			isa = PBXShellScriptBuildPhase;
			buildActionMask = 2147483647;
			files = (
			);
			inputFileListPaths = (
			);
			inputPaths = (
				"${PODS_PODFILE_DIR_PATH}/Podfile.lock",
				"${PODS_ROOT}/Manifest.lock",
			);
			name = "[CP] Check Pods Manifest.lock";
			outputFileListPaths = (
			);
			outputPaths = (
				"$(DERIVED_FILE_DIR)/Pods-EventureAPITests-checkManifestLockResult.txt",
			);
			runOnlyForDeploymentPostprocessing = 0;
			shellPath = /bin/sh;
			shellScript = "diff \"${PODS_PODFILE_DIR_PATH}/Podfile.lock\" \"${PODS_ROOT}/Manifest.lock\" > /dev/null\nif [ $? != 0 ] ; then\n    # print error to STDERR\n    echo \"error: The sandbox is not in sync with the Podfile.lock. Run 'pod install' or update your CocoaPods installation.\" >&2\n    exit 1\nfi\n# This output is used by Xcode 'outputs' to avoid re-running this script phase.\necho \"SUCCESS\" > \"${SCRIPT_OUTPUT_FILE_0}\"\n";
			showEnvVarsInLog = 0;
		};
/* End PBXShellScriptBuildPhase section */

/* Begin PBXSourcesBuildPhase section */
		CC18F547229AD4EB008FABEA /* Sources */ = {
			isa = PBXSourcesBuildPhase;
			buildActionMask = 2147483647;
			files = (
				67FED7312311EFF300FFF80B /* ModifyAccountPage.swift in Sources */,
				CC2EE6F1230707330044C6ED /* UpcomingEvents.swift in Sources */,
				CCC4A0AF22F24EA000AB9557 /* TagCell.swift in Sources */,
				CC0646DC22FDF1EA000BF3CD /* Organization.swift in Sources */,
				CC4EC93422FFBC0200F10938 /* EventDetailPage.swift in Sources */,
				CC64524D22BE8E0600FBEF58 /* NavBackCell.swift in Sources */,
				CC3F000122F7EFEC00996440 /* OrgFinishRegistration.swift in Sources */,
				CC39763F231025E3000CC35D /* NSData+AESCrypt.m in Sources */,
				CC0646DF22FDF201000BF3CD /* Event.swift in Sources */,
				CCC824F422BC17B500FFD251 /* MinimalTextCell.swift in Sources */,
				DD1BB0D62310B2350082C4EE /* AboutViewController.swift in Sources */,
				CCE176A722BD742F003E3315 /* MessageCell.swift in Sources */,
				67FED72F230F904600FFF80B /* AccountCell.swift in Sources */,
				CCF5896C22A22E0300F509C4 /* LoginViewController.swift in Sources */,
				CC8469C7230FDB9B004E7B9D /* EventDraft.swift in Sources */,
				CC18F557229AD4EB008FABEA /* Eventure.xcdatamodeld in Sources */,
				CC39763E231025E3000CC35D /* NSString+AESCrypt.m in Sources */,
				CC18F568229AD535008FABEA /* OrganizationsViewController.swift in Sources */,
				CCED539522F7DC16007ADC46 /* UserRegistrationData.swift in Sources */,
				CC405DCC2307F32C00B85BEC /* OrgInfoPage.swift in Sources */,
				CC4EC93722FFD0A500F10938 /* OrgEventViewController.swift in Sources */,
				CCC824F622BC181100FFD251 /* RegisterTableController.swift in Sources */,
				CC4ACC3622EA45E8002297EF /* InteractivePopNavigation.swift in Sources */,
				CCE99AC323117EC800823A60 /* DatePickerTopCell.swift in Sources */,
				CCC824F822BC53F700FFD251 /* GenderSelectionCell.swift in Sources */,
				CCC824FA22BC5F9900FFD251 /* ButtonCell.swift in Sources */,
				DD1BB0D12310B1390082C4EE /* EventDetailTabStrip.swift in Sources */,
				CC8469CB230FDE6B004E7B9D /* DraftTimeLocationPage.swift in Sources */,
				CC405DCE2307F47000B85BEC /* OrgInfoTabStrip.swift in Sources */,
				CC8469C9230FDD26004E7B9D /* DraftDescriptionPage.swift in Sources */,
				CC8E75DE22FFD96100AEB00C /* OrgEventCell.swift in Sources */,
				CC94F00122F7E4AD00E87E2A /* OrganizationRegistrationData.swift in Sources */,
				CC101FFD22F558890025217A /* ChooseImageCell.swift in Sources */,
				CC4CB5C6230525BB00DC30AD /* OrganizationCell.swift in Sources */,
				CC18F54F229AD4EB008FABEA /* AppDelegate.swift in Sources */,
				CC2DD02E22FF269B003AF5A0 /* EventViewController.swift in Sources */,
				CC10200322F695770025217A /* ChooseTagCell.swift in Sources */,
				CC69A08E22F699F500C9920E /* SeparatorView.swift in Sources */,
				CC2EE6EB2306F9750044C6ED /* OrgDetailPage.swift in Sources */,
				CC405DCA2307F11D00B85BEC /* OrgDescriptionText.swift in Sources */,
				CC0646D922FDF1CC000BF3CD /* User.swift in Sources */,
				CC2538AC22F4E47700690503 /* AccountViewController.swift in Sources */,
				CC18F564229AD518008FABEA /* MainTabBarController.swift in Sources */,
				CC6D276F22F23685007E2C5A /* TagPickerView.swift in Sources */,
				CC2DD03122FF2BD8003AF5A0 /* EventCell.swift in Sources */,
				CC6DEED622BA8ACC00248AB7 /* FinishRegistration.swift in Sources */,
				CCE176A922BD773A003E3315 /* ForgotPassword.swift in Sources */,
				DD1BB0D82310B3560082C4EE /* OtherViewController.swift in Sources */,
				CCE99AC52311830C00823A60 /* AccountCell.swift in Sources */,
				CC7C797823080EC90051C7E6 /* OrgContactInfo.swift in Sources */,
				CC2EE6F3230709450044C6ED /* OrgEventsTabStrip.swift in Sources */,
				CC1AF7A5229B732C003471F2 /* Global Constants.swift in Sources */,
				CC2EE6EF230706FC0044C6ED /* PastEvents.swift in Sources */,
				CC101FFA22F5473B0025217A /* RegisterOrganization.swift in Sources */,
				CC8469CD230FDF0A004E7B9D /* DraftOtherInfoPage.swift in Sources */,
			);
			runOnlyForDeploymentPostprocessing = 0;
		};
		CCFB7A19229FA6810082FEC6 /* Sources */ = {
			isa = PBXSourcesBuildPhase;
			buildActionMask = 2147483647;
			files = (
				CC4EC93822FFD0A500F10938 /* OrgEventViewController.swift in Sources */,
				CC4CB5C7230525BB00DC30AD /* OrganizationCell.swift in Sources */,
				CC4E560522FFE0AC000C2BAC /* MainTabBarController.swift in Sources */,
				DD1BB0D32310B1C40082C4EE /* EventDetailTabStrip.swift in Sources */,
				CC0646DA22FDF1CC000BF3CD /* User.swift in Sources */,
				CCFB7A20229FA6810082FEC6 /* EventureAPITests.swift in Sources */,
				CC4CB5C4230516E200DC30AD /* OrganizationsViewController.swift in Sources */,
				CC4EC93522FFBC0200F10938 /* EventDetailPage.swift in Sources */,
				CC0646DD22FDF1EA000BF3CD /* Organization.swift in Sources */,
				CC0646E022FDF201000BF3CD /* Event.swift in Sources */,
				CC4ACC3822EA47F3002297EF /* Global Constants.swift in Sources */,
			);
			runOnlyForDeploymentPostprocessing = 0;
		};
/* End PBXSourcesBuildPhase section */

/* Begin PBXTargetDependency section */
		CCFB7A23229FA6810082FEC6 /* PBXTargetDependency */ = {
			isa = PBXTargetDependency;
			target = CC18F54A229AD4EB008FABEA /* Eventure */;
			targetProxy = CCFB7A22229FA6810082FEC6 /* PBXContainerItemProxy */;
		};
/* End PBXTargetDependency section */

/* Begin PBXVariantGroup section */
		CC18F552229AD4EB008FABEA /* Main.storyboard */ = {
			isa = PBXVariantGroup;
			children = (
				CC18F553229AD4EB008FABEA /* Base */,
			);
			name = Main.storyboard;
			sourceTree = "<group>";
		};
		CC18F55A229AD4EC008FABEA /* LaunchScreen.storyboard */ = {
			isa = PBXVariantGroup;
			children = (
				CC18F55B229AD4EC008FABEA /* Base */,
			);
			name = LaunchScreen.storyboard;
			sourceTree = "<group>";
		};
/* End PBXVariantGroup section */

/* Begin XCBuildConfiguration section */
		CC18F55E229AD4EC008FABEA /* Debug */ = {
			isa = XCBuildConfiguration;
			buildSettings = {
				ALWAYS_SEARCH_USER_PATHS = NO;
				CLANG_ANALYZER_NONNULL = YES;
				CLANG_ANALYZER_NUMBER_OBJECT_CONVERSION = YES_AGGRESSIVE;
				CLANG_CXX_LANGUAGE_STANDARD = "gnu++14";
				CLANG_CXX_LIBRARY = "libc++";
				CLANG_ENABLE_MODULES = YES;
				CLANG_ENABLE_OBJC_ARC = YES;
				CLANG_ENABLE_OBJC_WEAK = YES;
				CLANG_WARN_BLOCK_CAPTURE_AUTORELEASING = YES;
				CLANG_WARN_BOOL_CONVERSION = YES;
				CLANG_WARN_COMMA = YES;
				CLANG_WARN_CONSTANT_CONVERSION = YES;
				CLANG_WARN_DEPRECATED_OBJC_IMPLEMENTATIONS = YES;
				CLANG_WARN_DIRECT_OBJC_ISA_USAGE = YES_ERROR;
				CLANG_WARN_DOCUMENTATION_COMMENTS = YES;
				CLANG_WARN_EMPTY_BODY = YES;
				CLANG_WARN_ENUM_CONVERSION = YES;
				CLANG_WARN_INFINITE_RECURSION = YES;
				CLANG_WARN_INT_CONVERSION = YES;
				CLANG_WARN_NON_LITERAL_NULL_CONVERSION = YES;
				CLANG_WARN_OBJC_IMPLICIT_RETAIN_SELF = YES;
				CLANG_WARN_OBJC_LITERAL_CONVERSION = YES;
				CLANG_WARN_OBJC_ROOT_CLASS = YES_ERROR;
				CLANG_WARN_RANGE_LOOP_ANALYSIS = YES;
				CLANG_WARN_STRICT_PROTOTYPES = YES;
				CLANG_WARN_SUSPICIOUS_MOVE = YES;
				CLANG_WARN_UNGUARDED_AVAILABILITY = YES_AGGRESSIVE;
				CLANG_WARN_UNREACHABLE_CODE = YES;
				CLANG_WARN__DUPLICATE_METHOD_MATCH = YES;
				CODE_SIGN_IDENTITY = "iPhone Developer";
				COPY_PHASE_STRIP = NO;
				DEBUG_INFORMATION_FORMAT = dwarf;
				ENABLE_STRICT_OBJC_MSGSEND = YES;
				ENABLE_TESTABILITY = YES;
				GCC_C_LANGUAGE_STANDARD = gnu11;
				GCC_DYNAMIC_NO_PIC = NO;
				GCC_NO_COMMON_BLOCKS = YES;
				GCC_OPTIMIZATION_LEVEL = 0;
				GCC_PREPROCESSOR_DEFINITIONS = (
					"DEBUG=1",
					"$(inherited)",
				);
				GCC_WARN_64_TO_32_BIT_CONVERSION = YES;
				GCC_WARN_ABOUT_RETURN_TYPE = YES_ERROR;
				GCC_WARN_UNDECLARED_SELECTOR = YES;
				GCC_WARN_UNINITIALIZED_AUTOS = YES_AGGRESSIVE;
				GCC_WARN_UNUSED_FUNCTION = YES;
				GCC_WARN_UNUSED_VARIABLE = YES;
				IPHONEOS_DEPLOYMENT_TARGET = 12.2;
				MTL_ENABLE_DEBUG_INFO = INCLUDE_SOURCE;
				MTL_FAST_MATH = YES;
				ONLY_ACTIVE_ARCH = YES;
				SDKROOT = iphoneos;
				SWIFT_ACTIVE_COMPILATION_CONDITIONS = DEBUG;
				SWIFT_OPTIMIZATION_LEVEL = "-Onone";
			};
			name = Debug;
		};
		CC18F55F229AD4EC008FABEA /* Release */ = {
			isa = XCBuildConfiguration;
			buildSettings = {
				ALWAYS_SEARCH_USER_PATHS = NO;
				CLANG_ANALYZER_NONNULL = YES;
				CLANG_ANALYZER_NUMBER_OBJECT_CONVERSION = YES_AGGRESSIVE;
				CLANG_CXX_LANGUAGE_STANDARD = "gnu++14";
				CLANG_CXX_LIBRARY = "libc++";
				CLANG_ENABLE_MODULES = YES;
				CLANG_ENABLE_OBJC_ARC = YES;
				CLANG_ENABLE_OBJC_WEAK = YES;
				CLANG_WARN_BLOCK_CAPTURE_AUTORELEASING = YES;
				CLANG_WARN_BOOL_CONVERSION = YES;
				CLANG_WARN_COMMA = YES;
				CLANG_WARN_CONSTANT_CONVERSION = YES;
				CLANG_WARN_DEPRECATED_OBJC_IMPLEMENTATIONS = YES;
				CLANG_WARN_DIRECT_OBJC_ISA_USAGE = YES_ERROR;
				CLANG_WARN_DOCUMENTATION_COMMENTS = YES;
				CLANG_WARN_EMPTY_BODY = YES;
				CLANG_WARN_ENUM_CONVERSION = YES;
				CLANG_WARN_INFINITE_RECURSION = YES;
				CLANG_WARN_INT_CONVERSION = YES;
				CLANG_WARN_NON_LITERAL_NULL_CONVERSION = YES;
				CLANG_WARN_OBJC_IMPLICIT_RETAIN_SELF = YES;
				CLANG_WARN_OBJC_LITERAL_CONVERSION = YES;
				CLANG_WARN_OBJC_ROOT_CLASS = YES_ERROR;
				CLANG_WARN_RANGE_LOOP_ANALYSIS = YES;
				CLANG_WARN_STRICT_PROTOTYPES = YES;
				CLANG_WARN_SUSPICIOUS_MOVE = YES;
				CLANG_WARN_UNGUARDED_AVAILABILITY = YES_AGGRESSIVE;
				CLANG_WARN_UNREACHABLE_CODE = YES;
				CLANG_WARN__DUPLICATE_METHOD_MATCH = YES;
				CODE_SIGN_IDENTITY = "iPhone Developer";
				COPY_PHASE_STRIP = NO;
				DEBUG_INFORMATION_FORMAT = "dwarf-with-dsym";
				ENABLE_NS_ASSERTIONS = NO;
				ENABLE_STRICT_OBJC_MSGSEND = YES;
				GCC_C_LANGUAGE_STANDARD = gnu11;
				GCC_NO_COMMON_BLOCKS = YES;
				GCC_WARN_64_TO_32_BIT_CONVERSION = YES;
				GCC_WARN_ABOUT_RETURN_TYPE = YES_ERROR;
				GCC_WARN_UNDECLARED_SELECTOR = YES;
				GCC_WARN_UNINITIALIZED_AUTOS = YES_AGGRESSIVE;
				GCC_WARN_UNUSED_FUNCTION = YES;
				GCC_WARN_UNUSED_VARIABLE = YES;
				IPHONEOS_DEPLOYMENT_TARGET = 12.2;
				MTL_ENABLE_DEBUG_INFO = NO;
				MTL_FAST_MATH = YES;
				SDKROOT = iphoneos;
				SWIFT_COMPILATION_MODE = wholemodule;
				SWIFT_OPTIMIZATION_LEVEL = "-O";
				VALIDATE_PRODUCT = YES;
			};
			name = Release;
		};
		CC18F561229AD4EC008FABEA /* Debug */ = {
			isa = XCBuildConfiguration;
			baseConfigurationReference = 7A2B839141C769AA5684B8EC /* Pods-Eventure.debug.xcconfig */;
			buildSettings = {
				ASSETCATALOG_COMPILER_APPICON_NAME = AppIcon;
				CLANG_ENABLE_MODULES = YES;
				CODE_SIGN_STYLE = Automatic;
				DEVELOPMENT_TEAM = GR353CPP2V;
				INFOPLIST_FILE = Eventure/Info.plist;
				IPHONEOS_DEPLOYMENT_TARGET = 11.0;
				LD_RUNPATH_SEARCH_PATHS = (
					"$(inherited)",
					"@executable_path/Frameworks",
				);
				PRODUCT_BUNDLE_IDENTIFIER = com.themoon2000.Eventure;
				PRODUCT_NAME = "$(TARGET_NAME)";
				SWIFT_OBJC_BRIDGING_HEADER = "Eventure/Objective-C/Bridging-Header.h";
				SWIFT_OPTIMIZATION_LEVEL = "-Onone";
				SWIFT_VERSION = 4.2;
				TARGETED_DEVICE_FAMILY = "1,2";
			};
			name = Debug;
		};
		CC18F562229AD4EC008FABEA /* Release */ = {
			isa = XCBuildConfiguration;
			baseConfigurationReference = CD8C43C5E3E63950507E5672 /* Pods-Eventure.release.xcconfig */;
			buildSettings = {
				ASSETCATALOG_COMPILER_APPICON_NAME = AppIcon;
				CLANG_ENABLE_MODULES = YES;
				CODE_SIGN_STYLE = Automatic;
				DEVELOPMENT_TEAM = GR353CPP2V;
				INFOPLIST_FILE = Eventure/Info.plist;
				IPHONEOS_DEPLOYMENT_TARGET = 11.0;
				LD_RUNPATH_SEARCH_PATHS = (
					"$(inherited)",
					"@executable_path/Frameworks",
				);
				PRODUCT_BUNDLE_IDENTIFIER = com.themoon2000.Eventure;
				PRODUCT_NAME = "$(TARGET_NAME)";
				SWIFT_OBJC_BRIDGING_HEADER = "Eventure/Objective-C/Bridging-Header.h";
				SWIFT_VERSION = 4.2;
				TARGETED_DEVICE_FAMILY = "1,2";
			};
			name = Release;
		};
		CCFB7A25229FA6810082FEC6 /* Debug */ = {
			isa = XCBuildConfiguration;
			baseConfigurationReference = 2EBCBAB1E31272FAA462C515 /* Pods-EventureAPITests.debug.xcconfig */;
			buildSettings = {
				BUNDLE_LOADER = "$(TEST_HOST)";
				CLANG_ENABLE_MODULES = YES;
				CODE_SIGN_STYLE = Automatic;
				INFOPLIST_FILE = EventureAPITests/Info.plist;
				LD_RUNPATH_SEARCH_PATHS = (
					"$(inherited)",
					"@executable_path/Frameworks",
					"@loader_path/Frameworks",
				);
				PRODUCT_BUNDLE_IDENTIFIER = com.MyCompanyName.EventureAPITests;
				PRODUCT_NAME = "$(TARGET_NAME)";
				SWIFT_OBJC_BRIDGING_HEADER = "Eventure/Resources/EventureAPITests-Bridging-Header.h";
				SWIFT_OPTIMIZATION_LEVEL = "-Onone";
				SWIFT_VERSION = 5.0;
				TARGETED_DEVICE_FAMILY = "1,2";
				TEST_HOST = "$(BUILT_PRODUCTS_DIR)/Eventure.app/Eventure";
			};
			name = Debug;
		};
		CCFB7A26229FA6810082FEC6 /* Release */ = {
			isa = XCBuildConfiguration;
			baseConfigurationReference = 314EE6D58DF621467DC05E60 /* Pods-EventureAPITests.release.xcconfig */;
			buildSettings = {
				BUNDLE_LOADER = "$(TEST_HOST)";
				CLANG_ENABLE_MODULES = YES;
				CODE_SIGN_STYLE = Automatic;
				INFOPLIST_FILE = EventureAPITests/Info.plist;
				LD_RUNPATH_SEARCH_PATHS = (
					"$(inherited)",
					"@executable_path/Frameworks",
					"@loader_path/Frameworks",
				);
				PRODUCT_BUNDLE_IDENTIFIER = com.MyCompanyName.EventureAPITests;
				PRODUCT_NAME = "$(TARGET_NAME)";
				SWIFT_OBJC_BRIDGING_HEADER = "Eventure/Resources/EventureAPITests-Bridging-Header.h";
				SWIFT_VERSION = 5.0;
				TARGETED_DEVICE_FAMILY = "1,2";
				TEST_HOST = "$(BUILT_PRODUCTS_DIR)/Eventure.app/Eventure";
			};
			name = Release;
		};
/* End XCBuildConfiguration section */

/* Begin XCConfigurationList section */
		CC18F546229AD4EB008FABEA /* Build configuration list for PBXProject "Eventure" */ = {
			isa = XCConfigurationList;
			buildConfigurations = (
				CC18F55E229AD4EC008FABEA /* Debug */,
				CC18F55F229AD4EC008FABEA /* Release */,
			);
			defaultConfigurationIsVisible = 0;
			defaultConfigurationName = Release;
		};
		CC18F560229AD4EC008FABEA /* Build configuration list for PBXNativeTarget "Eventure" */ = {
			isa = XCConfigurationList;
			buildConfigurations = (
				CC18F561229AD4EC008FABEA /* Debug */,
				CC18F562229AD4EC008FABEA /* Release */,
			);
			defaultConfigurationIsVisible = 0;
			defaultConfigurationName = Release;
		};
		CCFB7A24229FA6810082FEC6 /* Build configuration list for PBXNativeTarget "EventureAPITests" */ = {
			isa = XCConfigurationList;
			buildConfigurations = (
				CCFB7A25229FA6810082FEC6 /* Debug */,
				CCFB7A26229FA6810082FEC6 /* Release */,
			);
			defaultConfigurationIsVisible = 0;
			defaultConfigurationName = Release;
		};
/* End XCConfigurationList section */

/* Begin XCVersionGroup section */
		CC18F555229AD4EB008FABEA /* Eventure.xcdatamodeld */ = {
			isa = XCVersionGroup;
			children = (
				CC18F556229AD4EB008FABEA /* Eventure.xcdatamodel */,
			);
			currentVersion = CC18F556229AD4EB008FABEA /* Eventure.xcdatamodel */;
			path = Eventure.xcdatamodeld;
			sourceTree = "<group>";
			versionGroupType = wrapper.xcdatamodel;
		};
/* End XCVersionGroup section */
	};
	rootObject = CC18F543229AD4EB008FABEA /* Project object */;
}
