// !$*UTF8*$!
{
	archiveVersion = 1;
	classes = {
	};
	objectVersion = 50;
	objects = {

/* Begin PBXBuildFile section */
		C9F6A18CE8AC4FF475E40681 /* Pods_EventureAPITests.framework in Frameworks */ = {isa = PBXBuildFile; fileRef = 18C8D1BD2B7BB54420FBBFA9 /* Pods_EventureAPITests.framework */; };
		CC18F54F229AD4EB008FABEA /* AppDelegate.swift in Sources */ = {isa = PBXBuildFile; fileRef = CC18F54E229AD4EB008FABEA /* AppDelegate.swift */; };
		CC18F554229AD4EB008FABEA /* Main.storyboard in Resources */ = {isa = PBXBuildFile; fileRef = CC18F552229AD4EB008FABEA /* Main.storyboard */; };
		CC18F557229AD4EB008FABEA /* Eventure.xcdatamodeld in Sources */ = {isa = PBXBuildFile; fileRef = CC18F555229AD4EB008FABEA /* Eventure.xcdatamodeld */; };
		CC18F559229AD4EC008FABEA /* Assets.xcassets in Resources */ = {isa = PBXBuildFile; fileRef = CC18F558229AD4EC008FABEA /* Assets.xcassets */; };
		CC18F55C229AD4EC008FABEA /* LaunchScreen.storyboard in Resources */ = {isa = PBXBuildFile; fileRef = CC18F55A229AD4EC008FABEA /* LaunchScreen.storyboard */; };
		CC18F564229AD518008FABEA /* MainTabBarController.swift in Sources */ = {isa = PBXBuildFile; fileRef = CC18F563229AD518008FABEA /* MainTabBarController.swift */; };
		CC18F566229AD523008FABEA /* FirstTabViewController.swift in Sources */ = {isa = PBXBuildFile; fileRef = CC18F565229AD523008FABEA /* FirstTabViewController.swift */; };
		CC18F568229AD535008FABEA /* SecondTabViewController.swift in Sources */ = {isa = PBXBuildFile; fileRef = CC18F567229AD535008FABEA /* SecondTabViewController.swift */; };
		CC1AF7A5229B732C003471F2 /* Global Constants.swift in Sources */ = {isa = PBXBuildFile; fileRef = CC1AF7A4229B732C003471F2 /* Global Constants.swift */; };
		CC6DEED122B98AC700248AB7 /* RegisterController.swift in Sources */ = {isa = PBXBuildFile; fileRef = CC6DEED022B98AC700248AB7 /* RegisterController.swift */; };
		CC6DEED322B98AD300248AB7 /* EditableTextCell.swift in Sources */ = {isa = PBXBuildFile; fileRef = CC6DEED222B98AD300248AB7 /* EditableTextCell.swift */; };
		CC6DEED622BA8ACC00248AB7 /* FinishRegistration.swift in Sources */ = {isa = PBXBuildFile; fileRef = CC6DEED522BA8ACC00248AB7 /* FinishRegistration.swift */; };
		CC94308A229FA8F900291675 /* Global Constants.swift in Sources */ = {isa = PBXBuildFile; fileRef = CC943089229FA8F900291675 /* Global Constants.swift */; };
		CCC824F422BC17B500FFD251 /* MinimalTextCell.swift in Sources */ = {isa = PBXBuildFile; fileRef = CCC824F322BC17B500FFD251 /* MinimalTextCell.swift */; };
		CCC824F622BC181100FFD251 /* RegisterTableController.swift in Sources */ = {isa = PBXBuildFile; fileRef = CCC824F522BC181100FFD251 /* RegisterTableController.swift */; };
		CCC824F822BC53F700FFD251 /* GenderSelectionCell.swift in Sources */ = {isa = PBXBuildFile; fileRef = CCC824F722BC53F700FFD251 /* GenderSelectionCell.swift */; };
		CCC824FA22BC5F9900FFD251 /* ButtonCell.swift in Sources */ = {isa = PBXBuildFile; fileRef = CCC824F922BC5F9900FFD251 /* ButtonCell.swift */; };
		CCE176A722BD742F003E3315 /* MessageCell.swift in Sources */ = {isa = PBXBuildFile; fileRef = CCE176A622BD742F003E3315 /* MessageCell.swift */; };
		CCE176A922BD773A003E3315 /* ForgotPassword.swift in Sources */ = {isa = PBXBuildFile; fileRef = CCE176A822BD773A003E3315 /* ForgotPassword.swift */; };
		CCF5896C22A22E0300F509C4 /* LoginViewController.swift in Sources */ = {isa = PBXBuildFile; fileRef = CCF5896B22A22E0300F509C4 /* LoginViewController.swift */; };
		CCF8CF17229E398300F3C6B8 /* Example file.pdf in Resources */ = {isa = PBXBuildFile; fileRef = CCF8CF16229E398300F3C6B8 /* Example file.pdf */; };
		CCFB7A20229FA6810082FEC6 /* EventureAPITests.swift in Sources */ = {isa = PBXBuildFile; fileRef = CCFB7A1F229FA6810082FEC6 /* EventureAPITests.swift */; };
		D5191E1E22B97CD100FE570C /* ForgotPSWDViewController.swift in Sources */ = {isa = PBXBuildFile; fileRef = D5191E1D22B97CD100FE570C /* ForgotPSWDViewController.swift */; };
		DAA8704C960D87AABD9E6D36 /* Pods_Eventure.framework in Frameworks */ = {isa = PBXBuildFile; fileRef = 3BEF396366CC2E8423941BB3 /* Pods_Eventure.framework */; };
/* End PBXBuildFile section */

/* Begin PBXContainerItemProxy section */
		CCFB7A22229FA6810082FEC6 /* PBXContainerItemProxy */ = {
			isa = PBXContainerItemProxy;
			containerPortal = CC18F543229AD4EB008FABEA /* Project object */;
			proxyType = 1;
			remoteGlobalIDString = CC18F54A229AD4EB008FABEA;
			remoteInfo = Eventure;
		};
/* End PBXContainerItemProxy section */

/* Begin PBXFileReference section */
		18C8D1BD2B7BB54420FBBFA9 /* Pods_EventureAPITests.framework */ = {isa = PBXFileReference; explicitFileType = wrapper.framework; includeInIndex = 0; path = Pods_EventureAPITests.framework; sourceTree = BUILT_PRODUCTS_DIR; };
		3BEF396366CC2E8423941BB3 /* Pods_Eventure.framework */ = {isa = PBXFileReference; explicitFileType = wrapper.framework; includeInIndex = 0; path = Pods_Eventure.framework; sourceTree = BUILT_PRODUCTS_DIR; };
		63D1A1BD399D7A73CB427818 /* Pods-Eventure.debug.xcconfig */ = {isa = PBXFileReference; includeInIndex = 1; lastKnownFileType = text.xcconfig; name = "Pods-Eventure.debug.xcconfig"; path = "Pods/Target Support Files/Pods-Eventure/Pods-Eventure.debug.xcconfig"; sourceTree = "<group>"; };
		7034A10C22D3F37E07A2F892 /* Pods-EventureAPITests.release.xcconfig */ = {isa = PBXFileReference; includeInIndex = 1; lastKnownFileType = text.xcconfig; name = "Pods-EventureAPITests.release.xcconfig"; path = "Pods/Target Support Files/Pods-EventureAPITests/Pods-EventureAPITests.release.xcconfig"; sourceTree = "<group>"; };
		CBAE5CDD93116CEE3D41AC0E /* Pods-Eventure.release.xcconfig */ = {isa = PBXFileReference; includeInIndex = 1; lastKnownFileType = text.xcconfig; name = "Pods-Eventure.release.xcconfig"; path = "Pods/Target Support Files/Pods-Eventure/Pods-Eventure.release.xcconfig"; sourceTree = "<group>"; };
		CC18F54B229AD4EB008FABEA /* Eventure.app */ = {isa = PBXFileReference; explicitFileType = wrapper.application; includeInIndex = 0; path = Eventure.app; sourceTree = BUILT_PRODUCTS_DIR; };
		CC18F54E229AD4EB008FABEA /* AppDelegate.swift */ = {isa = PBXFileReference; lastKnownFileType = sourcecode.swift; path = AppDelegate.swift; sourceTree = "<group>"; };
		CC18F553229AD4EB008FABEA /* Base */ = {isa = PBXFileReference; lastKnownFileType = file.storyboard; name = Base; path = Base.lproj/Main.storyboard; sourceTree = "<group>"; };
		CC18F556229AD4EB008FABEA /* Eventure.xcdatamodel */ = {isa = PBXFileReference; lastKnownFileType = wrapper.xcdatamodel; path = Eventure.xcdatamodel; sourceTree = "<group>"; };
		CC18F558229AD4EC008FABEA /* Assets.xcassets */ = {isa = PBXFileReference; lastKnownFileType = folder.assetcatalog; path = Assets.xcassets; sourceTree = "<group>"; };
		CC18F55B229AD4EC008FABEA /* Base */ = {isa = PBXFileReference; lastKnownFileType = file.storyboard; name = Base; path = Base.lproj/LaunchScreen.storyboard; sourceTree = "<group>"; };
		CC18F55D229AD4EC008FABEA /* Info.plist */ = {isa = PBXFileReference; lastKnownFileType = text.plist.xml; path = Info.plist; sourceTree = "<group>"; };
		CC18F563229AD518008FABEA /* MainTabBarController.swift */ = {isa = PBXFileReference; lastKnownFileType = sourcecode.swift; path = MainTabBarController.swift; sourceTree = "<group>"; };
		CC18F565229AD523008FABEA /* FirstTabViewController.swift */ = {isa = PBXFileReference; lastKnownFileType = sourcecode.swift; path = FirstTabViewController.swift; sourceTree = "<group>"; };
		CC18F567229AD535008FABEA /* SecondTabViewController.swift */ = {isa = PBXFileReference; lastKnownFileType = sourcecode.swift; path = SecondTabViewController.swift; sourceTree = "<group>"; };
		CC18F569229AD570008FABEA /* README.md */ = {isa = PBXFileReference; fileEncoding = 4; lastKnownFileType = net.daringfireball.markdown; path = README.md; sourceTree = "<group>"; };
		CC1AF7A4229B732C003471F2 /* Global Constants.swift */ = {isa = PBXFileReference; lastKnownFileType = sourcecode.swift; path = "Global Constants.swift"; sourceTree = "<group>"; };
		CC6DEED022B98AC700248AB7 /* RegisterController.swift */ = {isa = PBXFileReference; lastKnownFileType = sourcecode.swift; path = RegisterController.swift; sourceTree = "<group>"; };
		CC6DEED222B98AD300248AB7 /* EditableTextCell.swift */ = {isa = PBXFileReference; fileEncoding = 4; lastKnownFileType = sourcecode.swift; path = EditableTextCell.swift; sourceTree = "<group>"; };
		CC6DEED522BA8ACC00248AB7 /* FinishRegistration.swift */ = {isa = PBXFileReference; lastKnownFileType = sourcecode.swift; path = FinishRegistration.swift; sourceTree = "<group>"; };
		CC943089229FA8F900291675 /* Global Constants.swift */ = {isa = PBXFileReference; lastKnownFileType = sourcecode.swift; path = "Global Constants.swift"; sourceTree = "<group>"; };
		CCC824F322BC17B500FFD251 /* MinimalTextCell.swift */ = {isa = PBXFileReference; lastKnownFileType = sourcecode.swift; path = MinimalTextCell.swift; sourceTree = "<group>"; };
		CCC824F522BC181100FFD251 /* RegisterTableController.swift */ = {isa = PBXFileReference; lastKnownFileType = sourcecode.swift; path = RegisterTableController.swift; sourceTree = "<group>"; };
		CCC824F722BC53F700FFD251 /* GenderSelectionCell.swift */ = {isa = PBXFileReference; lastKnownFileType = sourcecode.swift; path = GenderSelectionCell.swift; sourceTree = "<group>"; };
		CCC824F922BC5F9900FFD251 /* ButtonCell.swift */ = {isa = PBXFileReference; lastKnownFileType = sourcecode.swift; path = ButtonCell.swift; sourceTree = "<group>"; };
		CCE176A622BD742F003E3315 /* MessageCell.swift */ = {isa = PBXFileReference; lastKnownFileType = sourcecode.swift; path = MessageCell.swift; sourceTree = "<group>"; };
		CCE176A822BD773A003E3315 /* ForgotPassword.swift */ = {isa = PBXFileReference; lastKnownFileType = sourcecode.swift; path = ForgotPassword.swift; sourceTree = "<group>"; };
		CCF5896B22A22E0300F509C4 /* LoginViewController.swift */ = {isa = PBXFileReference; fileEncoding = 4; lastKnownFileType = sourcecode.swift; name = LoginViewController.swift; path = Eventure/Login/LoginViewController.swift; sourceTree = SOURCE_ROOT; };
		CCF8CF16229E398300F3C6B8 /* Example file.pdf */ = {isa = PBXFileReference; lastKnownFileType = image.pdf; name = "Example file.pdf"; path = "../Eventure/Example file.pdf"; sourceTree = "<group>"; };
		CCFB7A1D229FA6810082FEC6 /* EventureAPITests.xctest */ = {isa = PBXFileReference; explicitFileType = wrapper.cfbundle; includeInIndex = 0; path = EventureAPITests.xctest; sourceTree = BUILT_PRODUCTS_DIR; };
		CCFB7A1F229FA6810082FEC6 /* EventureAPITests.swift */ = {isa = PBXFileReference; lastKnownFileType = sourcecode.swift; path = EventureAPITests.swift; sourceTree = "<group>"; };
		CCFB7A21229FA6810082FEC6 /* Info.plist */ = {isa = PBXFileReference; lastKnownFileType = text.plist.xml; path = Info.plist; sourceTree = "<group>"; };
		D5191E1D22B97CD100FE570C /* ForgotPSWDViewController.swift */ = {isa = PBXFileReference; lastKnownFileType = sourcecode.swift; path = ForgotPSWDViewController.swift; sourceTree = "<group>"; };
		F857A70E71D2037A6A5B29E1 /* Pods-EventureAPITests.debug.xcconfig */ = {isa = PBXFileReference; includeInIndex = 1; lastKnownFileType = text.xcconfig; name = "Pods-EventureAPITests.debug.xcconfig"; path = "Pods/Target Support Files/Pods-EventureAPITests/Pods-EventureAPITests.debug.xcconfig"; sourceTree = "<group>"; };
/* End PBXFileReference section */

/* Begin PBXFrameworksBuildPhase section */
		CC18F548229AD4EB008FABEA /* Frameworks */ = {
			isa = PBXFrameworksBuildPhase;
			buildActionMask = 2147483647;
			files = (
				DAA8704C960D87AABD9E6D36 /* Pods_Eventure.framework in Frameworks */,
			);
			runOnlyForDeploymentPostprocessing = 0;
		};
		CCFB7A1A229FA6810082FEC6 /* Frameworks */ = {
			isa = PBXFrameworksBuildPhase;
			buildActionMask = 2147483647;
			files = (
				C9F6A18CE8AC4FF475E40681 /* Pods_EventureAPITests.framework in Frameworks */,
			);
			runOnlyForDeploymentPostprocessing = 0;
		};
/* End PBXFrameworksBuildPhase section */

/* Begin PBXGroup section */
		042CA0B629DDCA6A479AD861 /* Frameworks */ = {
			isa = PBXGroup;
			children = (
				3BEF396366CC2E8423941BB3 /* Pods_Eventure.framework */,
				18C8D1BD2B7BB54420FBBFA9 /* Pods_EventureAPITests.framework */,
			);
			name = Frameworks;
			sourceTree = "<group>";
		};
		CC18F542229AD4EB008FABEA = {
			isa = PBXGroup;
			children = (
				CC18F54D229AD4EB008FABEA /* Eventure */,
				CC18F569229AD570008FABEA /* README.md */,
				CCFB7A1E229FA6810082FEC6 /* EventureAPITests */,
				CC18F54C229AD4EB008FABEA /* Products */,
				D866B2B729EC4A8C3978B7BD /* Pods */,
				042CA0B629DDCA6A479AD861 /* Frameworks */,
			);
			sourceTree = "<group>";
		};
		CC18F54C229AD4EB008FABEA /* Products */ = {
			isa = PBXGroup;
			children = (
				CC18F54B229AD4EB008FABEA /* Eventure.app */,
				CCFB7A1D229FA6810082FEC6 /* EventureAPITests.xctest */,
			);
			name = Products;
			sourceTree = "<group>";
		};
		CC18F54D229AD4EB008FABEA /* Eventure */ = {
			isa = PBXGroup;
			children = (
				CC18F54E229AD4EB008FABEA /* AppDelegate.swift */,
				CC1AF7A4229B732C003471F2 /* Global Constants.swift */,
				CC18F563229AD518008FABEA /* MainTabBarController.swift */,
				CC18F565229AD523008FABEA /* FirstTabViewController.swift */,
				CC18F567229AD535008FABEA /* SecondTabViewController.swift */,
				CC6DEED422BA89F400248AB7 /* Login */,
				CC18F552229AD4EB008FABEA /* Main.storyboard */,
				CC18F558229AD4EC008FABEA /* Assets.xcassets */,
				CC18F55A229AD4EC008FABEA /* LaunchScreen.storyboard */,
				CC18F55D229AD4EC008FABEA /* Info.plist */,
				CC18F555229AD4EB008FABEA /* Eventure.xcdatamodeld */,
			);
			path = Eventure;
			sourceTree = "<group>";
		};
		CC6DEED422BA89F400248AB7 /* Login */ = {
			isa = PBXGroup;
			children = (
				CCF5896B22A22E0300F509C4 /* LoginViewController.swift */,
				CCC824F522BC181100FFD251 /* RegisterTableController.swift */,
				CC6DEED522BA8ACC00248AB7 /* FinishRegistration.swift */,
				CCE176A822BD773A003E3315 /* ForgotPassword.swift */,
				CCE176A522BD7364003E3315 /* Deprecated */,
				CCE176A422BD7335003E3315 /* Primitives */,
			);
			path = Login;
			sourceTree = "<group>";
		};
		CCE176A422BD7335003E3315 /* Primitives */ = {
			isa = PBXGroup;
			children = (
				CCC824F322BC17B500FFD251 /* MinimalTextCell.swift */,
				CCC824F722BC53F700FFD251 /* GenderSelectionCell.swift */,
				CCC824F922BC5F9900FFD251 /* ButtonCell.swift */,
				CCE176A622BD742F003E3315 /* MessageCell.swift */,
			);
			path = Primitives;
			sourceTree = "<group>";
		};
		CCE176A522BD7364003E3315 /* Deprecated */ = {
			isa = PBXGroup;
			children = (
				CC6DEED022B98AC700248AB7 /* RegisterController.swift */,
				CC6DEED222B98AD300248AB7 /* EditableTextCell.swift */,
				D5191E1D22B97CD100FE570C /* ForgotPSWDViewController.swift */,
			);
			path = Deprecated;
			sourceTree = "<group>";
		};
		CCFB7A1E229FA6810082FEC6 /* EventureAPITests */ = {
			isa = PBXGroup;
			children = (
				CCF8CF16229E398300F3C6B8 /* Example file.pdf */,
				CC943089229FA8F900291675 /* Global Constants.swift */,
				CCFB7A1F229FA6810082FEC6 /* EventureAPITests.swift */,
				CCFB7A21229FA6810082FEC6 /* Info.plist */,
			);
			path = EventureAPITests;
			sourceTree = "<group>";
		};
		D866B2B729EC4A8C3978B7BD /* Pods */ = {
			isa = PBXGroup;
			children = (
				63D1A1BD399D7A73CB427818 /* Pods-Eventure.debug.xcconfig */,
				CBAE5CDD93116CEE3D41AC0E /* Pods-Eventure.release.xcconfig */,
				F857A70E71D2037A6A5B29E1 /* Pods-EventureAPITests.debug.xcconfig */,
				7034A10C22D3F37E07A2F892 /* Pods-EventureAPITests.release.xcconfig */,
			);
			name = Pods;
			sourceTree = "<group>";
		};
/* End PBXGroup section */

/* Begin PBXNativeTarget section */
		CC18F54A229AD4EB008FABEA /* Eventure */ = {
			isa = PBXNativeTarget;
			buildConfigurationList = CC18F560229AD4EC008FABEA /* Build configuration list for PBXNativeTarget "Eventure" */;
			buildPhases = (
				5EF67C5781F60E1336D00575 /* [CP] Check Pods Manifest.lock */,
				CC18F547229AD4EB008FABEA /* Sources */,
				CC18F548229AD4EB008FABEA /* Frameworks */,
				CC18F549229AD4EB008FABEA /* Resources */,
				7366F4C7A7F7C2A244A73A44 /* [CP] Embed Pods Frameworks */,
			);
			buildRules = (
			);
			dependencies = (
			);
			name = Eventure;
			productName = Eventure;
			productReference = CC18F54B229AD4EB008FABEA /* Eventure.app */;
			productType = "com.apple.product-type.application";
		};
		CCFB7A1C229FA6810082FEC6 /* EventureAPITests */ = {
			isa = PBXNativeTarget;
			buildConfigurationList = CCFB7A24229FA6810082FEC6 /* Build configuration list for PBXNativeTarget "EventureAPITests" */;
			buildPhases = (
				DF7D1F978FEF486AB4DD7107 /* [CP] Check Pods Manifest.lock */,
				CCFB7A19229FA6810082FEC6 /* Sources */,
				CCFB7A1A229FA6810082FEC6 /* Frameworks */,
				CCFB7A1B229FA6810082FEC6 /* Resources */,
				E137855B95B0C8323CB4801B /* [CP] Embed Pods Frameworks */,
			);
			buildRules = (
			);
			dependencies = (
				CCFB7A23229FA6810082FEC6 /* PBXTargetDependency */,
			);
			name = EventureAPITests;
			productName = EventureAPITests;
			productReference = CCFB7A1D229FA6810082FEC6 /* EventureAPITests.xctest */;
			productType = "com.apple.product-type.bundle.unit-test";
		};
/* End PBXNativeTarget section */

/* Begin PBXProject section */
		CC18F543229AD4EB008FABEA /* Project object */ = {
			isa = PBXProject;
			attributes = {
				LastSwiftUpdateCheck = 1020;
				LastUpgradeCheck = 1020;
				ORGANIZATIONNAME = "UC Berkeley";
				TargetAttributes = {
					CC18F54A229AD4EB008FABEA = {
						CreatedOnToolsVersion = 10.2.1;
					};
					CCFB7A1C229FA6810082FEC6 = {
						CreatedOnToolsVersion = 10.2.1;
						TestTargetID = CC18F54A229AD4EB008FABEA;
					};
				};
			};
			buildConfigurationList = CC18F546229AD4EB008FABEA /* Build configuration list for PBXProject "Eventure" */;
			compatibilityVersion = "Xcode 9.3";
			developmentRegion = en;
			hasScannedForEncodings = 0;
			knownRegions = (
				en,
				Base,
			);
			mainGroup = CC18F542229AD4EB008FABEA;
			productRefGroup = CC18F54C229AD4EB008FABEA /* Products */;
			projectDirPath = "";
			projectRoot = "";
			targets = (
				CC18F54A229AD4EB008FABEA /* Eventure */,
				CCFB7A1C229FA6810082FEC6 /* EventureAPITests */,
			);
		};
/* End PBXProject section */

/* Begin PBXResourcesBuildPhase section */
		CC18F549229AD4EB008FABEA /* Resources */ = {
			isa = PBXResourcesBuildPhase;
			buildActionMask = 2147483647;
			files = (
				CC18F55C229AD4EC008FABEA /* LaunchScreen.storyboard in Resources */,
				CC18F559229AD4EC008FABEA /* Assets.xcassets in Resources */,
				CCF8CF17229E398300F3C6B8 /* Example file.pdf in Resources */,
				CC18F554229AD4EB008FABEA /* Main.storyboard in Resources */,
			);
			runOnlyForDeploymentPostprocessing = 0;
		};
		CCFB7A1B229FA6810082FEC6 /* Resources */ = {
			isa = PBXResourcesBuildPhase;
			buildActionMask = 2147483647;
			files = (
			);
			runOnlyForDeploymentPostprocessing = 0;
		};
/* End PBXResourcesBuildPhase section */

/* Begin PBXShellScriptBuildPhase section */
		5EF67C5781F60E1336D00575 /* [CP] Check Pods Manifest.lock */ = {
			isa = PBXShellScriptBuildPhase;
			buildActionMask = 2147483647;
			files = (
			);
			inputPaths = (
				"${PODS_PODFILE_DIR_PATH}/Podfile.lock",
				"${PODS_ROOT}/Manifest.lock",
			);
			name = "[CP] Check Pods Manifest.lock";
			outputPaths = (
				"$(DERIVED_FILE_DIR)/Pods-Eventure-checkManifestLockResult.txt",
			);
			runOnlyForDeploymentPostprocessing = 0;
			shellPath = /bin/sh;
			shellScript = "diff \"${PODS_PODFILE_DIR_PATH}/Podfile.lock\" \"${PODS_ROOT}/Manifest.lock\" > /dev/null\nif [ $? != 0 ] ; then\n    # print error to STDERR\n    echo \"error: The sandbox is not in sync with the Podfile.lock. Run 'pod install' or update your CocoaPods installation.\" >&2\n    exit 1\nfi\n# This output is used by Xcode 'outputs' to avoid re-running this script phase.\necho \"SUCCESS\" > \"${SCRIPT_OUTPUT_FILE_0}\"\n";
			showEnvVarsInLog = 0;
		};
		7366F4C7A7F7C2A244A73A44 /* [CP] Embed Pods Frameworks */ = {
			isa = PBXShellScriptBuildPhase;
			buildActionMask = 2147483647;
			files = (
			);
			inputPaths = (
				"${SRCROOT}/Pods/Target Support Files/Pods-Eventure/Pods-Eventure-frameworks.sh",
				"${BUILT_PRODUCTS_DIR}/SwiftyJSON-iOS11.0/SwiftyJSON.framework",
			);
			name = "[CP] Embed Pods Frameworks";
			outputPaths = (
				"${TARGET_BUILD_DIR}/${FRAMEWORKS_FOLDER_PATH}/SwiftyJSON.framework",
			);
			runOnlyForDeploymentPostprocessing = 0;
			shellPath = /bin/sh;
			shellScript = "\"${SRCROOT}/Pods/Target Support Files/Pods-Eventure/Pods-Eventure-frameworks.sh\"\n";
			showEnvVarsInLog = 0;
		};
		DF7D1F978FEF486AB4DD7107 /* [CP] Check Pods Manifest.lock */ = {
			isa = PBXShellScriptBuildPhase;
			buildActionMask = 2147483647;
			files = (
			);
			inputPaths = (
				"${PODS_PODFILE_DIR_PATH}/Podfile.lock",
				"${PODS_ROOT}/Manifest.lock",
			);
			name = "[CP] Check Pods Manifest.lock";
			outputPaths = (
				"$(DERIVED_FILE_DIR)/Pods-EventureAPITests-checkManifestLockResult.txt",
			);
			runOnlyForDeploymentPostprocessing = 0;
			shellPath = /bin/sh;
			shellScript = "diff \"${PODS_PODFILE_DIR_PATH}/Podfile.lock\" \"${PODS_ROOT}/Manifest.lock\" > /dev/null\nif [ $? != 0 ] ; then\n    # print error to STDERR\n    echo \"error: The sandbox is not in sync with the Podfile.lock. Run 'pod install' or update your CocoaPods installation.\" >&2\n    exit 1\nfi\n# This output is used by Xcode 'outputs' to avoid re-running this script phase.\necho \"SUCCESS\" > \"${SCRIPT_OUTPUT_FILE_0}\"\n";
			showEnvVarsInLog = 0;
		};
		E137855B95B0C8323CB4801B /* [CP] Embed Pods Frameworks */ = {
			isa = PBXShellScriptBuildPhase;
			buildActionMask = 2147483647;
			files = (
			);
			inputPaths = (
				"${SRCROOT}/Pods/Target Support Files/Pods-EventureAPITests/Pods-EventureAPITests-frameworks.sh",
				"${BUILT_PRODUCTS_DIR}/SwiftyJSON-iOS12.2/SwiftyJSON.framework",
			);
			name = "[CP] Embed Pods Frameworks";
			outputPaths = (
				"${TARGET_BUILD_DIR}/${FRAMEWORKS_FOLDER_PATH}/SwiftyJSON.framework",
			);
			runOnlyForDeploymentPostprocessing = 0;
			shellPath = /bin/sh;
			shellScript = "\"${SRCROOT}/Pods/Target Support Files/Pods-EventureAPITests/Pods-EventureAPITests-frameworks.sh\"\n";
			showEnvVarsInLog = 0;
		};
/* End PBXShellScriptBuildPhase section */

/* Begin PBXSourcesBuildPhase section */
		CC18F547229AD4EB008FABEA /* Sources */ = {
			isa = PBXSourcesBuildPhase;
			buildActionMask = 2147483647;
			files = (
				CCC824F422BC17B500FFD251 /* MinimalTextCell.swift in Sources */,
				CCE176A722BD742F003E3315 /* MessageCell.swift in Sources */,
				CCF5896C22A22E0300F509C4 /* LoginViewController.swift in Sources */,
				CC18F557229AD4EB008FABEA /* Eventure.xcdatamodeld in Sources */,
				CC6DEED122B98AC700248AB7 /* RegisterController.swift in Sources */,
				CC18F568229AD535008FABEA /* SecondTabViewController.swift in Sources */,
				CCC824F622BC181100FFD251 /* RegisterTableController.swift in Sources */,
				D5191E1E22B97CD100FE570C /* ForgotPSWDViewController.swift in Sources */,
				CCC824F822BC53F700FFD251 /* GenderSelectionCell.swift in Sources */,
				CCC824FA22BC5F9900FFD251 /* ButtonCell.swift in Sources */,
				CC18F566229AD523008FABEA /* FirstTabViewController.swift in Sources */,
				CC18F54F229AD4EB008FABEA /* AppDelegate.swift in Sources */,
				CC6DEED322B98AD300248AB7 /* EditableTextCell.swift in Sources */,
				CC18F564229AD518008FABEA /* MainTabBarController.swift in Sources */,
				CC6DEED622BA8ACC00248AB7 /* FinishRegistration.swift in Sources */,
				CCE176A922BD773A003E3315 /* ForgotPassword.swift in Sources */,
				CC1AF7A5229B732C003471F2 /* Global Constants.swift in Sources */,
			);
			runOnlyForDeploymentPostprocessing = 0;
		};
		CCFB7A19229FA6810082FEC6 /* Sources */ = {
			isa = PBXSourcesBuildPhase;
			buildActionMask = 2147483647;
			files = (
				CCFB7A20229FA6810082FEC6 /* EventureAPITests.swift in Sources */,
				CC94308A229FA8F900291675 /* Global Constants.swift in Sources */,
			);
			runOnlyForDeploymentPostprocessing = 0;
		};
/* End PBXSourcesBuildPhase section */

/* Begin PBXTargetDependency section */
		CCFB7A23229FA6810082FEC6 /* PBXTargetDependency */ = {
			isa = PBXTargetDependency;
			target = CC18F54A229AD4EB008FABEA /* Eventure */;
			targetProxy = CCFB7A22229FA6810082FEC6 /* PBXContainerItemProxy */;
		};
/* End PBXTargetDependency section */

/* Begin PBXVariantGroup section */
		CC18F552229AD4EB008FABEA /* Main.storyboard */ = {
			isa = PBXVariantGroup;
			children = (
				CC18F553229AD4EB008FABEA /* Base */,
			);
			name = Main.storyboard;
			sourceTree = "<group>";
		};
		CC18F55A229AD4EC008FABEA /* LaunchScreen.storyboard */ = {
			isa = PBXVariantGroup;
			children = (
				CC18F55B229AD4EC008FABEA /* Base */,
			);
			name = LaunchScreen.storyboard;
			sourceTree = "<group>";
		};
/* End PBXVariantGroup section */

/* Begin XCBuildConfiguration section */
		CC18F55E229AD4EC008FABEA /* Debug */ = {
			isa = XCBuildConfiguration;
			buildSettings = {
				ALWAYS_SEARCH_USER_PATHS = NO;
				CLANG_ANALYZER_NONNULL = YES;
				CLANG_ANALYZER_NUMBER_OBJECT_CONVERSION = YES_AGGRESSIVE;
				CLANG_CXX_LANGUAGE_STANDARD = "gnu++14";
				CLANG_CXX_LIBRARY = "libc++";
				CLANG_ENABLE_MODULES = YES;
				CLANG_ENABLE_OBJC_ARC = YES;
				CLANG_ENABLE_OBJC_WEAK = YES;
				CLANG_WARN_BLOCK_CAPTURE_AUTORELEASING = YES;
				CLANG_WARN_BOOL_CONVERSION = YES;
				CLANG_WARN_COMMA = YES;
				CLANG_WARN_CONSTANT_CONVERSION = YES;
				CLANG_WARN_DEPRECATED_OBJC_IMPLEMENTATIONS = YES;
				CLANG_WARN_DIRECT_OBJC_ISA_USAGE = YES_ERROR;
				CLANG_WARN_DOCUMENTATION_COMMENTS = YES;
				CLANG_WARN_EMPTY_BODY = YES;
				CLANG_WARN_ENUM_CONVERSION = YES;
				CLANG_WARN_INFINITE_RECURSION = YES;
				CLANG_WARN_INT_CONVERSION = YES;
				CLANG_WARN_NON_LITERAL_NULL_CONVERSION = YES;
				CLANG_WARN_OBJC_IMPLICIT_RETAIN_SELF = YES;
				CLANG_WARN_OBJC_LITERAL_CONVERSION = YES;
				CLANG_WARN_OBJC_ROOT_CLASS = YES_ERROR;
				CLANG_WARN_RANGE_LOOP_ANALYSIS = YES;
				CLANG_WARN_STRICT_PROTOTYPES = YES;
				CLANG_WARN_SUSPICIOUS_MOVE = YES;
				CLANG_WARN_UNGUARDED_AVAILABILITY = YES_AGGRESSIVE;
				CLANG_WARN_UNREACHABLE_CODE = YES;
				CLANG_WARN__DUPLICATE_METHOD_MATCH = YES;
				CODE_SIGN_IDENTITY = "iPhone Developer";
				COPY_PHASE_STRIP = NO;
				DEBUG_INFORMATION_FORMAT = dwarf;
				ENABLE_STRICT_OBJC_MSGSEND = YES;
				ENABLE_TESTABILITY = YES;
				GCC_C_LANGUAGE_STANDARD = gnu11;
				GCC_DYNAMIC_NO_PIC = NO;
				GCC_NO_COMMON_BLOCKS = YES;
				GCC_OPTIMIZATION_LEVEL = 0;
				GCC_PREPROCESSOR_DEFINITIONS = (
					"DEBUG=1",
					"$(inherited)",
				);
				GCC_WARN_64_TO_32_BIT_CONVERSION = YES;
				GCC_WARN_ABOUT_RETURN_TYPE = YES_ERROR;
				GCC_WARN_UNDECLARED_SELECTOR = YES;
				GCC_WARN_UNINITIALIZED_AUTOS = YES_AGGRESSIVE;
				GCC_WARN_UNUSED_FUNCTION = YES;
				GCC_WARN_UNUSED_VARIABLE = YES;
				IPHONEOS_DEPLOYMENT_TARGET = 12.2;
				MTL_ENABLE_DEBUG_INFO = INCLUDE_SOURCE;
				MTL_FAST_MATH = YES;
				ONLY_ACTIVE_ARCH = YES;
				SDKROOT = iphoneos;
				SWIFT_ACTIVE_COMPILATION_CONDITIONS = DEBUG;
				SWIFT_OPTIMIZATION_LEVEL = "-Onone";
			};
			name = Debug;
		};
		CC18F55F229AD4EC008FABEA /* Release */ = {
			isa = XCBuildConfiguration;
			buildSettings = {
				ALWAYS_SEARCH_USER_PATHS = NO;
				CLANG_ANALYZER_NONNULL = YES;
				CLANG_ANALYZER_NUMBER_OBJECT_CONVERSION = YES_AGGRESSIVE;
				CLANG_CXX_LANGUAGE_STANDARD = "gnu++14";
				CLANG_CXX_LIBRARY = "libc++";
				CLANG_ENABLE_MODULES = YES;
				CLANG_ENABLE_OBJC_ARC = YES;
				CLANG_ENABLE_OBJC_WEAK = YES;
				CLANG_WARN_BLOCK_CAPTURE_AUTORELEASING = YES;
				CLANG_WARN_BOOL_CONVERSION = YES;
				CLANG_WARN_COMMA = YES;
				CLANG_WARN_CONSTANT_CONVERSION = YES;
				CLANG_WARN_DEPRECATED_OBJC_IMPLEMENTATIONS = YES;
				CLANG_WARN_DIRECT_OBJC_ISA_USAGE = YES_ERROR;
				CLANG_WARN_DOCUMENTATION_COMMENTS = YES;
				CLANG_WARN_EMPTY_BODY = YES;
				CLANG_WARN_ENUM_CONVERSION = YES;
				CLANG_WARN_INFINITE_RECURSION = YES;
				CLANG_WARN_INT_CONVERSION = YES;
				CLANG_WARN_NON_LITERAL_NULL_CONVERSION = YES;
				CLANG_WARN_OBJC_IMPLICIT_RETAIN_SELF = YES;
				CLANG_WARN_OBJC_LITERAL_CONVERSION = YES;
				CLANG_WARN_OBJC_ROOT_CLASS = YES_ERROR;
				CLANG_WARN_RANGE_LOOP_ANALYSIS = YES;
				CLANG_WARN_STRICT_PROTOTYPES = YES;
				CLANG_WARN_SUSPICIOUS_MOVE = YES;
				CLANG_WARN_UNGUARDED_AVAILABILITY = YES_AGGRESSIVE;
				CLANG_WARN_UNREACHABLE_CODE = YES;
				CLANG_WARN__DUPLICATE_METHOD_MATCH = YES;
				CODE_SIGN_IDENTITY = "iPhone Developer";
				COPY_PHASE_STRIP = NO;
				DEBUG_INFORMATION_FORMAT = "dwarf-with-dsym";
				ENABLE_NS_ASSERTIONS = NO;
				ENABLE_STRICT_OBJC_MSGSEND = YES;
				GCC_C_LANGUAGE_STANDARD = gnu11;
				GCC_NO_COMMON_BLOCKS = YES;
				GCC_WARN_64_TO_32_BIT_CONVERSION = YES;
				GCC_WARN_ABOUT_RETURN_TYPE = YES_ERROR;
				GCC_WARN_UNDECLARED_SELECTOR = YES;
				GCC_WARN_UNINITIALIZED_AUTOS = YES_AGGRESSIVE;
				GCC_WARN_UNUSED_FUNCTION = YES;
				GCC_WARN_UNUSED_VARIABLE = YES;
				IPHONEOS_DEPLOYMENT_TARGET = 12.2;
				MTL_ENABLE_DEBUG_INFO = NO;
				MTL_FAST_MATH = YES;
				SDKROOT = iphoneos;
				SWIFT_COMPILATION_MODE = wholemodule;
				SWIFT_OPTIMIZATION_LEVEL = "-O";
				VALIDATE_PRODUCT = YES;
			};
			name = Release;
		};
		CC18F561229AD4EC008FABEA /* Debug */ = {
			isa = XCBuildConfiguration;
			baseConfigurationReference = 63D1A1BD399D7A73CB427818 /* Pods-Eventure.debug.xcconfig */;
			buildSettings = {
				ASSETCATALOG_COMPILER_APPICON_NAME = AppIcon;
				CODE_SIGN_STYLE = Automatic;
				DEVELOPMENT_TEAM = GR353CPP2V;
				INFOPLIST_FILE = Eventure/Info.plist;
				IPHONEOS_DEPLOYMENT_TARGET = 11.0;
				LD_RUNPATH_SEARCH_PATHS = (
					"$(inherited)",
					"@executable_path/Frameworks",
				);
				PRODUCT_BUNDLE_IDENTIFIER = com.themoon2000.Eventure;
				PRODUCT_NAME = "$(TARGET_NAME)";
				SWIFT_VERSION = 5.0;
				TARGETED_DEVICE_FAMILY = "1,2";
			};
			name = Debug;
		};
		CC18F562229AD4EC008FABEA /* Release */ = {
			isa = XCBuildConfiguration;
			baseConfigurationReference = CBAE5CDD93116CEE3D41AC0E /* Pods-Eventure.release.xcconfig */;
			buildSettings = {
				ASSETCATALOG_COMPILER_APPICON_NAME = AppIcon;
				CODE_SIGN_STYLE = Automatic;
				DEVELOPMENT_TEAM = GR353CPP2V;
				INFOPLIST_FILE = Eventure/Info.plist;
				IPHONEOS_DEPLOYMENT_TARGET = 11.0;
				LD_RUNPATH_SEARCH_PATHS = (
					"$(inherited)",
					"@executable_path/Frameworks",
				);
				PRODUCT_BUNDLE_IDENTIFIER = com.themoon2000.Eventure;
				PRODUCT_NAME = "$(TARGET_NAME)";
				SWIFT_VERSION = 5.0;
				TARGETED_DEVICE_FAMILY = "1,2";
			};
			name = Release;
		};
		CCFB7A25229FA6810082FEC6 /* Debug */ = {
			isa = XCBuildConfiguration;
			baseConfigurationReference = F857A70E71D2037A6A5B29E1 /* Pods-EventureAPITests.debug.xcconfig */;
			buildSettings = {
				BUNDLE_LOADER = "$(TEST_HOST)";
				CODE_SIGN_STYLE = Automatic;
				INFOPLIST_FILE = EventureAPITests/Info.plist;
				LD_RUNPATH_SEARCH_PATHS = (
					"$(inherited)",
					"@executable_path/Frameworks",
					"@loader_path/Frameworks",
				);
				PRODUCT_BUNDLE_IDENTIFIER = com.MyCompanyName.EventureAPITests;
				PRODUCT_NAME = "$(TARGET_NAME)";
				SWIFT_VERSION = 5.0;
				TARGETED_DEVICE_FAMILY = "1,2";
				TEST_HOST = "$(BUILT_PRODUCTS_DIR)/Eventure.app/Eventure";
			};
			name = Debug;
		};
		CCFB7A26229FA6810082FEC6 /* Release */ = {
			isa = XCBuildConfiguration;
			baseConfigurationReference = 7034A10C22D3F37E07A2F892 /* Pods-EventureAPITests.release.xcconfig */;
			buildSettings = {
				BUNDLE_LOADER = "$(TEST_HOST)";
				CODE_SIGN_STYLE = Automatic;
				INFOPLIST_FILE = EventureAPITests/Info.plist;
				LD_RUNPATH_SEARCH_PATHS = (
					"$(inherited)",
					"@executable_path/Frameworks",
					"@loader_path/Frameworks",
				);
				PRODUCT_BUNDLE_IDENTIFIER = com.MyCompanyName.EventureAPITests;
				PRODUCT_NAME = "$(TARGET_NAME)";
				SWIFT_VERSION = 5.0;
				TARGETED_DEVICE_FAMILY = "1,2";
				TEST_HOST = "$(BUILT_PRODUCTS_DIR)/Eventure.app/Eventure";
			};
			name = Release;
		};
/* End XCBuildConfiguration section */

/* Begin XCConfigurationList section */
		CC18F546229AD4EB008FABEA /* Build configuration list for PBXProject "Eventure" */ = {
			isa = XCConfigurationList;
			buildConfigurations = (
				CC18F55E229AD4EC008FABEA /* Debug */,
				CC18F55F229AD4EC008FABEA /* Release */,
			);
			defaultConfigurationIsVisible = 0;
			defaultConfigurationName = Release;
		};
		CC18F560229AD4EC008FABEA /* Build configuration list for PBXNativeTarget "Eventure" */ = {
			isa = XCConfigurationList;
			buildConfigurations = (
				CC18F561229AD4EC008FABEA /* Debug */,
				CC18F562229AD4EC008FABEA /* Release */,
			);
			defaultConfigurationIsVisible = 0;
			defaultConfigurationName = Release;
		};
		CCFB7A24229FA6810082FEC6 /* Build configuration list for PBXNativeTarget "EventureAPITests" */ = {
			isa = XCConfigurationList;
			buildConfigurations = (
				CCFB7A25229FA6810082FEC6 /* Debug */,
				CCFB7A26229FA6810082FEC6 /* Release */,
			);
			defaultConfigurationIsVisible = 0;
			defaultConfigurationName = Release;
		};
/* End XCConfigurationList section */

/* Begin XCVersionGroup section */
		CC18F555229AD4EB008FABEA /* Eventure.xcdatamodeld */ = {
			isa = XCVersionGroup;
			children = (
				CC18F556229AD4EB008FABEA /* Eventure.xcdatamodel */,
			);
			currentVersion = CC18F556229AD4EB008FABEA /* Eventure.xcdatamodel */;
			path = Eventure.xcdatamodeld;
			sourceTree = "<group>";
			versionGroupType = wrapper.xcdatamodel;
		};
/* End XCVersionGroup section */
	};
	rootObject = CC18F543229AD4EB008FABEA /* Project object */;
}
