// !$*UTF8*$!
{
	archiveVersion = 1;
	classes = {
	};
	objectVersion = 50;
	objects = {

/* Begin PBXBuildFile section */
		CC18F54F229AD4EB008FABEA /* AppDelegate.swift in Sources */ = {isa = PBXBuildFile; fileRef = CC18F54E229AD4EB008FABEA /* AppDelegate.swift */; };
		CC18F554229AD4EB008FABEA /* Main.storyboard in Resources */ = {isa = PBXBuildFile; fileRef = CC18F552229AD4EB008FABEA /* Main.storyboard */; };
		CC18F557229AD4EB008FABEA /* Eventure.xcdatamodeld in Sources */ = {isa = PBXBuildFile; fileRef = CC18F555229AD4EB008FABEA /* Eventure.xcdatamodeld */; };
		CC18F559229AD4EC008FABEA /* Assets.xcassets in Resources */ = {isa = PBXBuildFile; fileRef = CC18F558229AD4EC008FABEA /* Assets.xcassets */; };
		CC18F55C229AD4EC008FABEA /* LaunchScreen.storyboard in Resources */ = {isa = PBXBuildFile; fileRef = CC18F55A229AD4EC008FABEA /* LaunchScreen.storyboard */; };
		CC18F564229AD518008FABEA /* MainTabBarController.swift in Sources */ = {isa = PBXBuildFile; fileRef = CC18F563229AD518008FABEA /* MainTabBarController.swift */; };
		CC18F566229AD523008FABEA /* FirstTabViewController.swift in Sources */ = {isa = PBXBuildFile; fileRef = CC18F565229AD523008FABEA /* FirstTabViewController.swift */; };
		CC18F568229AD535008FABEA /* SecondTabViewController.swift in Sources */ = {isa = PBXBuildFile; fileRef = CC18F567229AD535008FABEA /* SecondTabViewController.swift */; };
		CC18F56A229AD570008FABEA /* README.md in Resources */ = {isa = PBXBuildFile; fileRef = CC18F569229AD570008FABEA /* README.md */; };
		CC1AF7A5229B732C003471F2 /* Global Constants.swift in Sources */ = {isa = PBXBuildFile; fileRef = CC1AF7A4229B732C003471F2 /* Global Constants.swift */; };
		DAA8704C960D87AABD9E6D36 /* Pods_Eventure.framework in Frameworks */ = {isa = PBXBuildFile; fileRef = 3BEF396366CC2E8423941BB3 /* Pods_Eventure.framework */; };
/* End PBXBuildFile section */

/* Begin PBXFileReference section */
		3BEF396366CC2E8423941BB3 /* Pods_Eventure.framework */ = {isa = PBXFileReference; explicitFileType = wrapper.framework; includeInIndex = 0; path = Pods_Eventure.framework; sourceTree = BUILT_PRODUCTS_DIR; };
		63D1A1BD399D7A73CB427818 /* Pods-Eventure.debug.xcconfig */ = {isa = PBXFileReference; includeInIndex = 1; lastKnownFileType = text.xcconfig; name = "Pods-Eventure.debug.xcconfig"; path = "Pods/Target Support Files/Pods-Eventure/Pods-Eventure.debug.xcconfig"; sourceTree = "<group>"; };
		CBAE5CDD93116CEE3D41AC0E /* Pods-Eventure.release.xcconfig */ = {isa = PBXFileReference; includeInIndex = 1; lastKnownFileType = text.xcconfig; name = "Pods-Eventure.release.xcconfig"; path = "Pods/Target Support Files/Pods-Eventure/Pods-Eventure.release.xcconfig"; sourceTree = "<group>"; };
		CC18F54B229AD4EB008FABEA /* Eventure.app */ = {isa = PBXFileReference; explicitFileType = wrapper.application; includeInIndex = 0; path = Eventure.app; sourceTree = BUILT_PRODUCTS_DIR; };
		CC18F54E229AD4EB008FABEA /* AppDelegate.swift */ = {isa = PBXFileReference; lastKnownFileType = sourcecode.swift; path = AppDelegate.swift; sourceTree = "<group>"; };
		CC18F553229AD4EB008FABEA /* Base */ = {isa = PBXFileReference; lastKnownFileType = file.storyboard; name = Base; path = Base.lproj/Main.storyboard; sourceTree = "<group>"; };
		CC18F556229AD4EB008FABEA /* Eventure.xcdatamodel */ = {isa = PBXFileReference; lastKnownFileType = wrapper.xcdatamodel; path = Eventure.xcdatamodel; sourceTree = "<group>"; };
		CC18F558229AD4EC008FABEA /* Assets.xcassets */ = {isa = PBXFileReference; lastKnownFileType = folder.assetcatalog; path = Assets.xcassets; sourceTree = "<group>"; };
		CC18F55B229AD4EC008FABEA /* Base */ = {isa = PBXFileReference; lastKnownFileType = file.storyboard; name = Base; path = Base.lproj/LaunchScreen.storyboard; sourceTree = "<group>"; };
		CC18F55D229AD4EC008FABEA /* Info.plist */ = {isa = PBXFileReference; lastKnownFileType = text.plist.xml; path = Info.plist; sourceTree = "<group>"; };
		CC18F563229AD518008FABEA /* MainTabBarController.swift */ = {isa = PBXFileReference; lastKnownFileType = sourcecode.swift; path = MainTabBarController.swift; sourceTree = "<group>"; };
		CC18F565229AD523008FABEA /* FirstTabViewController.swift */ = {isa = PBXFileReference; lastKnownFileType = sourcecode.swift; path = FirstTabViewController.swift; sourceTree = "<group>"; };
		CC18F567229AD535008FABEA /* SecondTabViewController.swift */ = {isa = PBXFileReference; lastKnownFileType = sourcecode.swift; path = SecondTabViewController.swift; sourceTree = "<group>"; };
		CC18F569229AD570008FABEA /* README.md */ = {isa = PBXFileReference; fileEncoding = 4; lastKnownFileType = net.daringfireball.markdown; path = README.md; sourceTree = "<group>"; };
		CC1AF7A4229B732C003471F2 /* Global Constants.swift */ = {isa = PBXFileReference; lastKnownFileType = sourcecode.swift; path = "Global Constants.swift"; sourceTree = "<group>"; };
/* End PBXFileReference section */

/* Begin PBXFrameworksBuildPhase section */
		CC18F548229AD4EB008FABEA /* Frameworks */ = {
			isa = PBXFrameworksBuildPhase;
			buildActionMask = 2147483647;
			files = (
				DAA8704C960D87AABD9E6D36 /* Pods_Eventure.framework in Frameworks */,
			);
			runOnlyForDeploymentPostprocessing = 0;
		};
/* End PBXFrameworksBuildPhase section */

/* Begin PBXGroup section */
		042CA0B629DDCA6A479AD861 /* Frameworks */ = {
			isa = PBXGroup;
			children = (
				3BEF396366CC2E8423941BB3 /* Pods_Eventure.framework */,
			);
			name = Frameworks;
			sourceTree = "<group>";
		};
		CC18F542229AD4EB008FABEA = {
			isa = PBXGroup;
			children = (
				CC18F54D229AD4EB008FABEA /* Eventure */,
				CC18F569229AD570008FABEA /* README.md */,
				CC18F54C229AD4EB008FABEA /* Products */,
				D866B2B729EC4A8C3978B7BD /* Pods */,
				042CA0B629DDCA6A479AD861 /* Frameworks */,
			);
			sourceTree = "<group>";
		};
		CC18F54C229AD4EB008FABEA /* Products */ = {
			isa = PBXGroup;
			children = (
				CC18F54B229AD4EB008FABEA /* Eventure.app */,
			);
			name = Products;
			sourceTree = "<group>";
		};
		CC18F54D229AD4EB008FABEA /* Eventure */ = {
			isa = PBXGroup;
			children = (
				CC18F54E229AD4EB008FABEA /* AppDelegate.swift */,
				CC1AF7A4229B732C003471F2 /* Global Constants.swift */,
				CC18F563229AD518008FABEA /* MainTabBarController.swift */,
				CC18F565229AD523008FABEA /* FirstTabViewController.swift */,
				CC18F567229AD535008FABEA /* SecondTabViewController.swift */,
				CC18F552229AD4EB008FABEA /* Main.storyboard */,
				CC18F558229AD4EC008FABEA /* Assets.xcassets */,
				CC18F55A229AD4EC008FABEA /* LaunchScreen.storyboard */,
				CC18F55D229AD4EC008FABEA /* Info.plist */,
				CC18F555229AD4EB008FABEA /* Eventure.xcdatamodeld */,
			);
			path = Eventure;
			sourceTree = "<group>";
		};
		D866B2B729EC4A8C3978B7BD /* Pods */ = {
			isa = PBXGroup;
			children = (
				63D1A1BD399D7A73CB427818 /* Pods-Eventure.debug.xcconfig */,
				CBAE5CDD93116CEE3D41AC0E /* Pods-Eventure.release.xcconfig */,
			);
			name = Pods;
			sourceTree = "<group>";
		};
/* End PBXGroup section */

/* Begin PBXNativeTarget section */
		CC18F54A229AD4EB008FABEA /* Eventure */ = {
			isa = PBXNativeTarget;
			buildConfigurationList = CC18F560229AD4EC008FABEA /* Build configuration list for PBXNativeTarget "Eventure" */;
			buildPhases = (
				5EF67C5781F60E1336D00575 /* [CP] Check Pods Manifest.lock */,
				CC18F547229AD4EB008FABEA /* Sources */,
				CC18F548229AD4EB008FABEA /* Frameworks */,
				CC18F549229AD4EB008FABEA /* Resources */,
				7366F4C7A7F7C2A244A73A44 /* [CP] Embed Pods Frameworks */,
			);
			buildRules = (
			);
			dependencies = (
			);
			name = Eventure;
			productName = Eventure;
			productReference = CC18F54B229AD4EB008FABEA /* Eventure.app */;
			productType = "com.apple.product-type.application";
		};
/* End PBXNativeTarget section */

/* Begin PBXProject section */
		CC18F543229AD4EB008FABEA /* Project object */ = {
			isa = PBXProject;
			attributes = {
				LastSwiftUpdateCheck = 1020;
				LastUpgradeCheck = 1020;
				ORGANIZATIONNAME = "UC Berkeley";
				TargetAttributes = {
					CC18F54A229AD4EB008FABEA = {
						CreatedOnToolsVersion = 10.2.1;
					};
				};
			};
			buildConfigurationList = CC18F546229AD4EB008FABEA /* Build configuration list for PBXProject "Eventure" */;
			compatibilityVersion = "Xcode 9.3";
			developmentRegion = en;
			hasScannedForEncodings = 0;
			knownRegions = (
				en,
				Base,
			);
			mainGroup = CC18F542229AD4EB008FABEA;
			productRefGroup = CC18F54C229AD4EB008FABEA /* Products */;
			projectDirPath = "";
			projectRoot = "";
			targets = (
				CC18F54A229AD4EB008FABEA /* Eventure */,
			);
		};
/* End PBXProject section */

/* Begin PBXResourcesBuildPhase section */
		CC18F549229AD4EB008FABEA /* Resources */ = {
			isa = PBXResourcesBuildPhase;
			buildActionMask = 2147483647;
			files = (
				CC18F55C229AD4EC008FABEA /* LaunchScreen.storyboard in Resources */,
				CC18F559229AD4EC008FABEA /* Assets.xcassets in Resources */,
				CC18F56A229AD570008FABEA /* README.md in Resources */,
				CC18F554229AD4EB008FABEA /* Main.storyboard in Resources */,
			);
			runOnlyForDeploymentPostprocessing = 0;
		};
/* End PBXResourcesBuildPhase section */

/* Begin PBXShellScriptBuildPhase section */
		5EF67C5781F60E1336D00575 /* [CP] Check Pods Manifest.lock */ = {
			isa = PBXShellScriptBuildPhase;
			buildActionMask = 2147483647;
			files = (
			);
			inputFileListPaths = (
			);
			inputPaths = (
				"${PODS_PODFILE_DIR_PATH}/Podfile.lock",
				"${PODS_ROOT}/Manifest.lock",
			);
			name = "[CP] Check Pods Manifest.lock";
			outputFileListPaths = (
			);
			outputPaths = (
				"$(DERIVED_FILE_DIR)/Pods-Eventure-checkManifestLockResult.txt",
			);
			runOnlyForDeploymentPostprocessing = 0;
			shellPath = /bin/sh;
			shellScript = "diff \"${PODS_PODFILE_DIR_PATH}/Podfile.lock\" \"${PODS_ROOT}/Manifest.lock\" > /dev/null\nif [ $? != 0 ] ; then\n    # print error to STDERR\n    echo \"error: The sandbox is not in sync with the Podfile.lock. Run 'pod install' or update your CocoaPods installation.\" >&2\n    exit 1\nfi\n# This output is used by Xcode 'outputs' to avoid re-running this script phase.\necho \"SUCCESS\" > \"${SCRIPT_OUTPUT_FILE_0}\"\n";
			showEnvVarsInLog = 0;
		};
		7366F4C7A7F7C2A244A73A44 /* [CP] Embed Pods Frameworks */ = {
			isa = PBXShellScriptBuildPhase;
			buildActionMask = 2147483647;
			files = (
			);
			inputFileListPaths = (
			);
			inputPaths = (
				"${SRCROOT}/Pods/Target Support Files/Pods-Eventure/Pods-Eventure-frameworks.sh",
				"${BUILT_PRODUCTS_DIR}/SwiftyJSON/SwiftyJSON.framework",
			);
			name = "[CP] Embed Pods Frameworks";
			outputFileListPaths = (
			);
			outputPaths = (
				"${TARGET_BUILD_DIR}/${FRAMEWORKS_FOLDER_PATH}/SwiftyJSON.framework",
			);
			runOnlyForDeploymentPostprocessing = 0;
			shellPath = /bin/sh;
			shellScript = "\"${SRCROOT}/Pods/Target Support Files/Pods-Eventure/Pods-Eventure-frameworks.sh\"\n";
			showEnvVarsInLog = 0;
		};
/* End PBXShellScriptBuildPhase section */

/* Begin PBXSourcesBuildPhase section */
		CC18F547229AD4EB008FABEA /* Sources */ = {
			isa = PBXSourcesBuildPhase;
			buildActionMask = 2147483647;
			files = (
				CC18F557229AD4EB008FABEA /* Eventure.xcdatamodeld in Sources */,
				CC18F568229AD535008FABEA /* SecondTabViewController.swift in Sources */,
				CC18F566229AD523008FABEA /* FirstTabViewController.swift in Sources */,
				CC18F54F229AD4EB008FABEA /* AppDelegate.swift in Sources */,
				CC18F564229AD518008FABEA /* MainTabBarController.swift in Sources */,
				CC1AF7A5229B732C003471F2 /* Global Constants.swift in Sources */,
			);
			runOnlyForDeploymentPostprocessing = 0;
		};
/* End PBXSourcesBuildPhase section */

/* Begin PBXVariantGroup section */
		CC18F552229AD4EB008FABEA /* Main.storyboard */ = {
			isa = PBXVariantGroup;
			children = (
				CC18F553229AD4EB008FABEA /* Base */,
			);
			name = Main.storyboard;
			sourceTree = "<group>";
		};
		CC18F55A229AD4EC008FABEA /* LaunchScreen.storyboard */ = {
			isa = PBXVariantGroup;
			children = (
				CC18F55B229AD4EC008FABEA /* Base */,
			);
			name = LaunchScreen.storyboard;
			sourceTree = "<group>";
		};
/* End PBXVariantGroup section */

/* Begin XCBuildConfiguration section */
		CC18F55E229AD4EC008FABEA /* Debug */ = {
			isa = XCBuildConfiguration;
			buildSettings = {
				ALWAYS_SEARCH_USER_PATHS = NO;
				CLANG_ANALYZER_NONNULL = YES;
				CLANG_ANALYZER_NUMBER_OBJECT_CONVERSION = YES_AGGRESSIVE;
				CLANG_CXX_LANGUAGE_STANDARD = "gnu++14";
				CLANG_CXX_LIBRARY = "libc++";
				CLANG_ENABLE_MODULES = YES;
				CLANG_ENABLE_OBJC_ARC = YES;
				CLANG_ENABLE_OBJC_WEAK = YES;
				CLANG_WARN_BLOCK_CAPTURE_AUTORELEASING = YES;
				CLANG_WARN_BOOL_CONVERSION = YES;
				CLANG_WARN_COMMA = YES;
				CLANG_WARN_CONSTANT_CONVERSION = YES;
				CLANG_WARN_DEPRECATED_OBJC_IMPLEMENTATIONS = YES;
				CLANG_WARN_DIRECT_OBJC_ISA_USAGE = YES_ERROR;
				CLANG_WARN_DOCUMENTATION_COMMENTS = YES;
				CLANG_WARN_EMPTY_BODY = YES;
				CLANG_WARN_ENUM_CONVERSION = YES;
				CLANG_WARN_INFINITE_RECURSION = YES;
				CLANG_WARN_INT_CONVERSION = YES;
				CLANG_WARN_NON_LITERAL_NULL_CONVERSION = YES;
				CLANG_WARN_OBJC_IMPLICIT_RETAIN_SELF = YES;
				CLANG_WARN_OBJC_LITERAL_CONVERSION = YES;
				CLANG_WARN_OBJC_ROOT_CLASS = YES_ERROR;
				CLANG_WARN_RANGE_LOOP_ANALYSIS = YES;
				CLANG_WARN_STRICT_PROTOTYPES = YES;
				CLANG_WARN_SUSPICIOUS_MOVE = YES;
				CLANG_WARN_UNGUARDED_AVAILABILITY = YES_AGGRESSIVE;
				CLANG_WARN_UNREACHABLE_CODE = YES;
				CLANG_WARN__DUPLICATE_METHOD_MATCH = YES;
				CODE_SIGN_IDENTITY = "iPhone Developer";
				COPY_PHASE_STRIP = NO;
				DEBUG_INFORMATION_FORMAT = dwarf;
				ENABLE_STRICT_OBJC_MSGSEND = YES;
				ENABLE_TESTABILITY = YES;
				GCC_C_LANGUAGE_STANDARD = gnu11;
				GCC_DYNAMIC_NO_PIC = NO;
				GCC_NO_COMMON_BLOCKS = YES;
				GCC_OPTIMIZATION_LEVEL = 0;
				GCC_PREPROCESSOR_DEFINITIONS = (
					"DEBUG=1",
					"$(inherited)",
				);
				GCC_WARN_64_TO_32_BIT_CONVERSION = YES;
				GCC_WARN_ABOUT_RETURN_TYPE = YES_ERROR;
				GCC_WARN_UNDECLARED_SELECTOR = YES;
				GCC_WARN_UNINITIALIZED_AUTOS = YES_AGGRESSIVE;
				GCC_WARN_UNUSED_FUNCTION = YES;
				GCC_WARN_UNUSED_VARIABLE = YES;
				IPHONEOS_DEPLOYMENT_TARGET = 12.2;
				MTL_ENABLE_DEBUG_INFO = INCLUDE_SOURCE;
				MTL_FAST_MATH = YES;
				ONLY_ACTIVE_ARCH = YES;
				SDKROOT = iphoneos;
				SWIFT_ACTIVE_COMPILATION_CONDITIONS = DEBUG;
				SWIFT_OPTIMIZATION_LEVEL = "-Onone";
			};
			name = Debug;
		};
		CC18F55F229AD4EC008FABEA /* Release */ = {
			isa = XCBuildConfiguration;
			buildSettings = {
				ALWAYS_SEARCH_USER_PATHS = NO;
				CLANG_ANALYZER_NONNULL = YES;
				CLANG_ANALYZER_NUMBER_OBJECT_CONVERSION = YES_AGGRESSIVE;
				CLANG_CXX_LANGUAGE_STANDARD = "gnu++14";
				CLANG_CXX_LIBRARY = "libc++";
				CLANG_ENABLE_MODULES = YES;
				CLANG_ENABLE_OBJC_ARC = YES;
				CLANG_ENABLE_OBJC_WEAK = YES;
				CLANG_WARN_BLOCK_CAPTURE_AUTORELEASING = YES;
				CLANG_WARN_BOOL_CONVERSION = YES;
				CLANG_WARN_COMMA = YES;
				CLANG_WARN_CONSTANT_CONVERSION = YES;
				CLANG_WARN_DEPRECATED_OBJC_IMPLEMENTATIONS = YES;
				CLANG_WARN_DIRECT_OBJC_ISA_USAGE = YES_ERROR;
				CLANG_WARN_DOCUMENTATION_COMMENTS = YES;
				CLANG_WARN_EMPTY_BODY = YES;
				CLANG_WARN_ENUM_CONVERSION = YES;
				CLANG_WARN_INFINITE_RECURSION = YES;
				CLANG_WARN_INT_CONVERSION = YES;
				CLANG_WARN_NON_LITERAL_NULL_CONVERSION = YES;
				CLANG_WARN_OBJC_IMPLICIT_RETAIN_SELF = YES;
				CLANG_WARN_OBJC_LITERAL_CONVERSION = YES;
				CLANG_WARN_OBJC_ROOT_CLASS = YES_ERROR;
				CLANG_WARN_RANGE_LOOP_ANALYSIS = YES;
				CLANG_WARN_STRICT_PROTOTYPES = YES;
				CLANG_WARN_SUSPICIOUS_MOVE = YES;
				CLANG_WARN_UNGUARDED_AVAILABILITY = YES_AGGRESSIVE;
				CLANG_WARN_UNREACHABLE_CODE = YES;
				CLANG_WARN__DUPLICATE_METHOD_MATCH = YES;
				CODE_SIGN_IDENTITY = "iPhone Developer";
				COPY_PHASE_STRIP = NO;
				DEBUG_INFORMATION_FORMAT = "dwarf-with-dsym";
				ENABLE_NS_ASSERTIONS = NO;
				ENABLE_STRICT_OBJC_MSGSEND = YES;
				GCC_C_LANGUAGE_STANDARD = gnu11;
				GCC_NO_COMMON_BLOCKS = YES;
				GCC_WARN_64_TO_32_BIT_CONVERSION = YES;
				GCC_WARN_ABOUT_RETURN_TYPE = YES_ERROR;
				GCC_WARN_UNDECLARED_SELECTOR = YES;
				GCC_WARN_UNINITIALIZED_AUTOS = YES_AGGRESSIVE;
				GCC_WARN_UNUSED_FUNCTION = YES;
				GCC_WARN_UNUSED_VARIABLE = YES;
				IPHONEOS_DEPLOYMENT_TARGET = 12.2;
				MTL_ENABLE_DEBUG_INFO = NO;
				MTL_FAST_MATH = YES;
				SDKROOT = iphoneos;
				SWIFT_COMPILATION_MODE = wholemodule;
				SWIFT_OPTIMIZATION_LEVEL = "-O";
				VALIDATE_PRODUCT = YES;
			};
			name = Release;
		};
		CC18F561229AD4EC008FABEA /* Debug */ = {
			isa = XCBuildConfiguration;
			baseConfigurationReference = 63D1A1BD399D7A73CB427818 /* Pods-Eventure.debug.xcconfig */;
			buildSettings = {
				ASSETCATALOG_COMPILER_APPICON_NAME = AppIcon;
				CODE_SIGN_STYLE = Automatic;
				INFOPLIST_FILE = Eventure/Info.plist;
				IPHONEOS_DEPLOYMENT_TARGET = 11.0;
				LD_RUNPATH_SEARCH_PATHS = (
					"$(inherited)",
					"@executable_path/Frameworks",
				);
				PRODUCT_BUNDLE_IDENTIFIER = com.MyCompanyName.Eventure;
				PRODUCT_NAME = "$(TARGET_NAME)";
				SWIFT_VERSION = 5.0;
				TARGETED_DEVICE_FAMILY = "1,2";
			};
			name = Debug;
		};
		CC18F562229AD4EC008FABEA /* Release */ = {
			isa = XCBuildConfiguration;
			baseConfigurationReference = CBAE5CDD93116CEE3D41AC0E /* Pods-Eventure.release.xcconfig */;
			buildSettings = {
				ASSETCATALOG_COMPILER_APPICON_NAME = AppIcon;
				CODE_SIGN_STYLE = Automatic;
				INFOPLIST_FILE = Eventure/Info.plist;
				IPHONEOS_DEPLOYMENT_TARGET = 11.0;
				LD_RUNPATH_SEARCH_PATHS = (
					"$(inherited)",
					"@executable_path/Frameworks",
				);
				PRODUCT_BUNDLE_IDENTIFIER = com.MyCompanyName.Eventure;
				PRODUCT_NAME = "$(TARGET_NAME)";
				SWIFT_VERSION = 5.0;
				TARGETED_DEVICE_FAMILY = "1,2";
			};
			name = Release;
		};
/* End XCBuildConfiguration section */

/* Begin XCConfigurationList section */
		CC18F546229AD4EB008FABEA /* Build configuration list for PBXProject "Eventure" */ = {
			isa = XCConfigurationList;
			buildConfigurations = (
				CC18F55E229AD4EC008FABEA /* Debug */,
				CC18F55F229AD4EC008FABEA /* Release */,
			);
			defaultConfigurationIsVisible = 0;
			defaultConfigurationName = Release;
		};
		CC18F560229AD4EC008FABEA /* Build configuration list for PBXNativeTarget "Eventure" */ = {
			isa = XCConfigurationList;
			buildConfigurations = (
				CC18F561229AD4EC008FABEA /* Debug */,
				CC18F562229AD4EC008FABEA /* Release */,
			);
			defaultConfigurationIsVisible = 0;
			defaultConfigurationName = Release;
		};
/* End XCConfigurationList section */

/* Begin XCVersionGroup section */
		CC18F555229AD4EB008FABEA /* Eventure.xcdatamodeld */ = {
			isa = XCVersionGroup;
			children = (
				CC18F556229AD4EB008FABEA /* Eventure.xcdatamodel */,
			);
			currentVersion = CC18F556229AD4EB008FABEA /* Eventure.xcdatamodel */;
			path = Eventure.xcdatamodeld;
			sourceTree = "<group>";
			versionGroupType = wrapper.xcdatamodel;
		};
/* End XCVersionGroup section */
	};
	rootObject = CC18F543229AD4EB008FABEA /* Project object */;
}
